
Microsoft Visual Studio Solution File, Format Version 12.00
# Visual Studio 14
VisualStudioVersion = 14.0.24720.0
MinimumVisualStudioVersion = 10.0.40219.1
Project("{FAE04EC0-301F-11D3-BF4B-00C04F79EFBC}") = "Plugin.Iconize", "Plugin.Iconize\Plugin.Iconize.csproj", "{B0387056-24F4-4421-8B49-B78A2CEDC19E}"
EndProject
Project("{FAE04EC0-301F-11D3-BF4B-00C04F79EFBC}") = "Plugin.Iconize.Android", "Plugin.Iconize.Android\Plugin.Iconize.Android.csproj", "{318A7D0F-5E8F-4CFE-BE13-7DCA1235E0AE}"
EndProject
Project("{2150E333-8FDC-42A3-9474-1A3956D46DE8}") = "Samples", "Samples", "{DCA0D807-0551-421F-A06A-08F7159B2D6C}"
EndProject
Project("{FAE04EC0-301F-11D3-BF4B-00C04F79EFBC}") = "Iconize.Sample.Android", "Samples\Iconize.Sample.Android\Iconize.Sample.Android.csproj", "{35439771-7B34-44EB-97C0-3F10B8C644A9}"
EndProject
Project("{2150E333-8FDC-42A3-9474-1A3956D46DE8}") = "Material", "Material", "{DBBF9839-EDF4-4A00-A29D-96F82B5DB61A}"
	ProjectSection(SolutionItems) = preProject
		Fonts\Material\README.md = Fonts\Material\README.md
	EndProjectSection
EndProject
Project("{2150E333-8FDC-42A3-9474-1A3956D46DE8}") = "FontAwesome", "FontAwesome", "{E3ABDC0D-2ECC-4F4E-AA12-B17716231C90}"
	ProjectSection(SolutionItems) = preProject
		Fonts\FontAwesome\README.md = Fonts\FontAwesome\README.md
	EndProjectSection
EndProject
Project("{FAE04EC0-301F-11D3-BF4B-00C04F79EFBC}") = "Plugin.Iconize.iOS", "Plugin.Iconize.iOS\Plugin.Iconize.iOS.csproj", "{9720EF44-ABA5-422D-A9BF-30CE32D32B4E}"
EndProject
Project("{FAE04EC0-301F-11D3-BF4B-00C04F79EFBC}") = "Iconize.Sample.iOS", "Samples\Iconize.Sample.iOS\Iconize.Sample.iOS.csproj", "{F12D905F-77EE-4ABF-B3EA-2F31ACE79335}"
EndProject
Project("{2150E333-8FDC-42A3-9474-1A3956D46DE8}") = "NuGet", "NuGet", "{BC9EEB50-FD0C-41E7-B8AE-939428115F34}"
EndProject
Project("{FAE04EC0-301F-11D3-BF4B-00C04F79EFBC}") = "FormsPlugin.Iconize", "FormsPlugin.Iconize\FormsPlugin.Iconize.csproj", "{67F9D3A8-F71E-4428-913F-C37AE82CDB24}"
EndProject
Project("{FAE04EC0-301F-11D3-BF4B-00C04F79EFBC}") = "FormsPlugin.Iconize.Android", "FormsPlugin.Iconize.Android\FormsPlugin.Iconize.Android.csproj", "{B1859A31-9087-4AB9-9B9D-A0DF28C1678D}"
EndProject
Project("{FAE04EC0-301F-11D3-BF4B-00C04F79EFBC}") = "FormsPlugin.Iconize.iOS", "FormsPlugin.Iconize.iOS\FormsPlugin.Iconize.iOS.csproj", "{F8DE1721-E899-490B-9849-FC261FFC3488}"
EndProject
Project("{FAE04EC0-301F-11D3-BF4B-00C04F79EFBC}") = "Iconize.FormsSample", "Samples\Iconize.FormsSample\Iconize.FormsSample.csproj", "{28A53533-C5E4-42A6-A247-63AD5DE50778}"
EndProject
Project("{FAE04EC0-301F-11D3-BF4B-00C04F79EFBC}") = "Iconize.FormsSample.Android", "Samples\Iconize.FormsSample.Android\Iconize.FormsSample.Android.csproj", "{8D2E6A67-66D8-4D33-B11E-5B048326AD22}"
EndProject
Project("{FAE04EC0-301F-11D3-BF4B-00C04F79EFBC}") = "Iconize.FormsSample.iOS", "Samples\Iconize.FormsSample.iOS\Iconize.FormsSample.iOS.csproj", "{D68BB77E-6229-4066-8EBD-A0E156760A59}"
EndProject
Project("{2150E333-8FDC-42A3-9474-1A3956D46DE8}") = "Fonts", "Fonts", "{D6D0FEFE-EB75-4AF8-91AE-786886C9C1B5}"
EndProject
Project("{FAE04EC0-301F-11D3-BF4B-00C04F79EFBC}") = "Plugin.Iconize.FontAwesome.Android", "Fonts\FontAwesome\Plugin.Iconize.FontAwesome.Android\Plugin.Iconize.FontAwesome.Android.csproj", "{C610737E-E8B6-4CF4-834C-A5EBCF6F2219}"
EndProject
Project("{FAE04EC0-301F-11D3-BF4B-00C04F79EFBC}") = "Plugin.Iconize.FontAwesome.iOS", "Fonts\FontAwesome\Plugin.Iconize.FontAwesome.iOS\Plugin.Iconize.FontAwesome.iOS.csproj", "{8956329E-2087-41C7-9273-76900B0A217A}"
EndProject
Project("{FAE04EC0-301F-11D3-BF4B-00C04F79EFBC}") = "Plugin.Iconize.Material.Android", "Fonts\Material\Plugin.Iconize.Material.Android\Plugin.Iconize.Material.Android.csproj", "{BF31E501-7C92-4B90-BDC7-6323295CBC52}"
EndProject
Project("{FAE04EC0-301F-11D3-BF4B-00C04F79EFBC}") = "Plugin.Iconize.Material.iOS", "Fonts\Material\Plugin.Iconize.Material.iOS\Plugin.Iconize.Material.iOS.csproj", "{17F95D3F-8E66-4E15-AB16-9A537901321D}"
EndProject
Project("{2150E333-8FDC-42A3-9474-1A3956D46DE8}") = "Typicons", "Typicons", "{52FF5DEF-7C63-4C7C-A3D2-D8D90222B44E}"
	ProjectSection(SolutionItems) = preProject
		Fonts\Typicons\README.md = Fonts\Typicons\README.md
	EndProjectSection
EndProject
Project("{FAE04EC0-301F-11D3-BF4B-00C04F79EFBC}") = "Plugin.Iconize.Typicons.Android", "Fonts\Typicons\Plugin.Iconize.Typicons.Android\Plugin.Iconize.Typicons.Android.csproj", "{C8FE4F23-70B6-475D-9B87-BD655B8CD22D}"
EndProject
Project("{FAE04EC0-301F-11D3-BF4B-00C04F79EFBC}") = "Plugin.Iconize.Typicons.iOS", "Fonts\Typicons\Plugin.Iconize.Typicons.iOS\Plugin.Iconize.Typicons.iOS.csproj", "{9BE2C151-3510-4B48-89D3-3A7CADD8B804}"
EndProject
Project("{2150E333-8FDC-42A3-9474-1A3956D46DE8}") = "Meteocons", "Meteocons", "{8607C471-BAF3-427E-910A-23D3A1AA6FEE}"
	ProjectSection(SolutionItems) = preProject
		Fonts\Meteocons\README.md = Fonts\Meteocons\README.md
	EndProjectSection
EndProject
Project("{FAE04EC0-301F-11D3-BF4B-00C04F79EFBC}") = "Plugin.Iconize.Meteocons.Android", "Fonts\Meteocons\Plugin.Iconize.Meteocons.Android\Plugin.Iconize.Meteocons.Android.csproj", "{8DD64822-57A3-4FE9-9BFB-45B35AEB6164}"
EndProject
Project("{FAE04EC0-301F-11D3-BF4B-00C04F79EFBC}") = "Plugin.Iconize.Meteocons.iOS", "Fonts\Meteocons\Plugin.Iconize.Meteocons.iOS\Plugin.Iconize.Meteocons.iOS.csproj", "{DC12F793-3335-4054-874B-B52B8AE693B6}"
EndProject
Project("{2150E333-8FDC-42A3-9474-1A3956D46DE8}") = "Solution Items", "Solution Items", "{8B51F1D6-B81C-4C00-BA9F-E6ADB1132C73}"
	ProjectSection(SolutionItems) = preProject
		LICENSE = LICENSE
		README.md = README.md
	EndProjectSection
EndProject
Project("{FF286327-C783-4F7A-AB73-9BCBAD0D4460}") = "Xam.Plugin.Iconize", "NuGet\Xam.Plugin.Iconize\Xam.Plugin.Iconize.nuproj", "{A508DD52-2CFC-4C47-91DF-396629817429}"
EndProject
Project("{FF286327-C783-4F7A-AB73-9BCBAD0D4460}") = "Xam.FormsPlugin.Iconize", "NuGet\Xam.FormsPlugin.Iconize\Xam.FormsPlugin.Iconize.nuproj", "{25EE7CD2-3272-42A3-80DC-C09FF3D0E1EF}"
EndProject
Project("{FF286327-C783-4F7A-AB73-9BCBAD0D4460}") = "Xam.Plugin.Iconize.FontAwesome", "NuGet\Xam.Plugin.Iconize.FontAwesome\Xam.Plugin.Iconize.FontAwesome.nuproj", "{FCAB31C5-9004-4976-8822-40CDF270BA53}"
EndProject
Project("{FF286327-C783-4F7A-AB73-9BCBAD0D4460}") = "Xam.Plugin.Iconize.Material", "NuGet\Xam.Plugin.Iconize.Material\Xam.Plugin.Iconize.Material.nuproj", "{41F62F01-21F0-4EE6-8C9F-E437E5C79E01}"
EndProject
Project("{FF286327-C783-4F7A-AB73-9BCBAD0D4460}") = "Xam.Plugin.Iconize.Meteocons", "NuGet\Xam.Plugin.Iconize.Meteocons\Xam.Plugin.Iconize.Meteocons.nuproj", "{FE067F72-2DB3-420B-8445-87118F0A298A}"
EndProject
Project("{FF286327-C783-4F7A-AB73-9BCBAD0D4460}") = "Xam.Plugin.Iconize.Typicons", "NuGet\Xam.Plugin.Iconize.Typicons\Xam.Plugin.Iconize.Typicons.nuproj", "{CA1A9868-C0DB-4638-87DC-5BC10CFB6588}"
EndProject
Project("{2150E333-8FDC-42A3-9474-1A3956D46DE8}") = "Ionicons", "Ionicons", "{B04A2021-0569-4552-9A98-2717BA1A2FE6}"
	ProjectSection(SolutionItems) = preProject
		Fonts\Ionicons\README.md = Fonts\Ionicons\README.md
	EndProjectSection
EndProject
Project("{FAE04EC0-301F-11D3-BF4B-00C04F79EFBC}") = "Plugin.Iconize.Ionicons.Android", "Fonts\Ionicons\Plugin.Iconize.Ionicons.Android\Plugin.Iconize.Ionicons.Android.csproj", "{D158E046-BC30-4726-9F11-7A8FE09A0701}"
EndProject
Project("{FAE04EC0-301F-11D3-BF4B-00C04F79EFBC}") = "Plugin.Iconize.Ionicons.iOS", "Fonts\Ionicons\Plugin.Iconize.Ionicons.iOS\Plugin.Iconize.Ionicons.iOS.csproj", "{9C1AD7CA-B144-4513-B8AB-AB9EF991E122}"
EndProject
Project("{FF286327-C783-4F7A-AB73-9BCBAD0D4460}") = "Xam.Plugin.Iconize.Ionicons", "NuGet\Xam.Plugin.Iconize.Ionicons\Xam.Plugin.Iconize.Ionicons.nuproj", "{3026D642-D72C-4477-8A23-99D7F0FCAA6F}"
EndProject
Project("{2150E333-8FDC-42A3-9474-1A3956D46DE8}") = "WeatherIcons", "WeatherIcons", "{7D652CE8-5A35-49EB-ABA0-39302F3B967F}"
	ProjectSection(SolutionItems) = preProject
		Fonts\WeatherIcons\README.md = Fonts\WeatherIcons\README.md
	EndProjectSection
EndProject
Project("{FAE04EC0-301F-11D3-BF4B-00C04F79EFBC}") = "Plugin.Iconize.WeatherIcons.Android", "Fonts\WeatherIcons\Plugin.Iconize.WeatherIcons.Android\Plugin.Iconize.WeatherIcons.Android.csproj", "{D19DAA47-6696-40F4-8D7C-591A16D3991E}"
EndProject
Project("{FAE04EC0-301F-11D3-BF4B-00C04F79EFBC}") = "Plugin.Iconize.WeatherIcons.iOS", "Fonts\WeatherIcons\Plugin.Iconize.WeatherIcons.iOS\Plugin.Iconize.WeatherIcons.iOS.csproj", "{444C4EA5-608F-4C9E-82D3-6750C846F0E7}"
EndProject
Project("{FF286327-C783-4F7A-AB73-9BCBAD0D4460}") = "Xam.Plugin.Iconize.WeatherIcons", "NuGet\Xam.Plugin.Iconize.WeatherIcons\Xam.Plugin.Iconize.WeatherIcons.nuproj", "{A437D28C-9E3D-42C7-BE80-96E13BD89859}"
EndProject
Project("{2150E333-8FDC-42A3-9474-1A3956D46DE8}") = "SimpleLineIcons", "SimpleLineIcons", "{104CDEBB-6872-457C-BDEE-DE9161AA40E9}"
	ProjectSection(SolutionItems) = preProject
		Fonts\Meteocons\README.md = Fonts\Meteocons\README.md
	EndProjectSection
EndProject
Project("{FAE04EC0-301F-11D3-BF4B-00C04F79EFBC}") = "Plugin.Iconize.SimpleLineIcons.Android", "Fonts\SimpleLineIcons\Plugin.Iconize.SimpleLineIcons.Android\Plugin.Iconize.SimpleLineIcons.Android.csproj", "{5187AA08-61CB-4749-81D5-4B78DC81633F}"
EndProject
Project("{FAE04EC0-301F-11D3-BF4B-00C04F79EFBC}") = "Plugin.Iconize.SimpleLineIcons.iOS", "Fonts\SimpleLineIcons\Plugin.Iconize.SimpleLineIcons.iOS\Plugin.Iconize.SimpleLineIcons.iOS.csproj", "{DC4B2B3E-2BD9-4750-95E1-FAF485D5C394}"
EndProject
Project("{FF286327-C783-4F7A-AB73-9BCBAD0D4460}") = "Xam.Plugin.Iconize.SimpleLineIcons", "NuGet\Xam.Plugin.Iconize.SimpleLineIcons\Xam.Plugin.Iconize.SimpleLineIcons.nuproj", "{17BF2A80-F96E-4120-AFBA-70C83D5596A4}"
EndProject
Project("{2150E333-8FDC-42A3-9474-1A3956D46DE8}") = "Entypo+", "Entypo+", "{1FBDCDD1-3559-43D1-A32F-2F8CEEA72116}"
EndProject
Project("{FAE04EC0-301F-11D3-BF4B-00C04F79EFBC}") = "Plugin.Iconize.EntypoPlus.Android", "Fonts\Entypo+\Plugin.Iconize.EntypoPlus.Android\Plugin.Iconize.EntypoPlus.Android.csproj", "{6507B5F9-82B7-4E24-9B1F-8BFF65EB17C4}"
EndProject
Project("{FAE04EC0-301F-11D3-BF4B-00C04F79EFBC}") = "Plugin.Iconize.EntypoPlus.iOS", "Fonts\Entypo+\Plugin.Iconize.EntypoPlus.iOS\Plugin.Iconize.EntypoPlus.iOS.csproj", "{ECA521F1-372C-4841-9B7E-86F1D612938E}"
EndProject
Project("{FF286327-C783-4F7A-AB73-9BCBAD0D4460}") = "Xam.Plugin.Iconize.EntypoPlus", "NuGet\Xam.Plugin.Iconize.EntypoPlus\Xam.Plugin.Iconize.EntypoPlus.nuproj", "{CF1128D7-D250-48B0-84A0-DE6DD3BE2E8D}"
EndProject
Global
	GlobalSection(SolutionConfigurationPlatforms) = preSolution
		Ad-Hoc|Any CPU = Ad-Hoc|Any CPU
		Ad-Hoc|iPhone = Ad-Hoc|iPhone
		Ad-Hoc|iPhoneSimulator = Ad-Hoc|iPhoneSimulator
		AppStore|Any CPU = AppStore|Any CPU
		AppStore|iPhone = AppStore|iPhone
		AppStore|iPhoneSimulator = AppStore|iPhoneSimulator
		Debug|Any CPU = Debug|Any CPU
		Debug|iPhone = Debug|iPhone
		Debug|iPhoneSimulator = Debug|iPhoneSimulator
		Release|Any CPU = Release|Any CPU
		Release|iPhone = Release|iPhone
		Release|iPhoneSimulator = Release|iPhoneSimulator
	EndGlobalSection
	GlobalSection(ProjectConfigurationPlatforms) = postSolution
		{B0387056-24F4-4421-8B49-B78A2CEDC19E}.Ad-Hoc|Any CPU.ActiveCfg = Release|Any CPU
		{B0387056-24F4-4421-8B49-B78A2CEDC19E}.Ad-Hoc|Any CPU.Build.0 = Release|Any CPU
		{B0387056-24F4-4421-8B49-B78A2CEDC19E}.Ad-Hoc|iPhone.ActiveCfg = Release|Any CPU
		{B0387056-24F4-4421-8B49-B78A2CEDC19E}.Ad-Hoc|iPhone.Build.0 = Release|Any CPU
		{B0387056-24F4-4421-8B49-B78A2CEDC19E}.Ad-Hoc|iPhoneSimulator.ActiveCfg = Release|Any CPU
		{B0387056-24F4-4421-8B49-B78A2CEDC19E}.Ad-Hoc|iPhoneSimulator.Build.0 = Release|Any CPU
		{B0387056-24F4-4421-8B49-B78A2CEDC19E}.AppStore|Any CPU.ActiveCfg = Release|Any CPU
		{B0387056-24F4-4421-8B49-B78A2CEDC19E}.AppStore|Any CPU.Build.0 = Release|Any CPU
		{B0387056-24F4-4421-8B49-B78A2CEDC19E}.AppStore|iPhone.ActiveCfg = Release|Any CPU
		{B0387056-24F4-4421-8B49-B78A2CEDC19E}.AppStore|iPhone.Build.0 = Release|Any CPU
		{B0387056-24F4-4421-8B49-B78A2CEDC19E}.AppStore|iPhoneSimulator.ActiveCfg = Release|Any CPU
		{B0387056-24F4-4421-8B49-B78A2CEDC19E}.AppStore|iPhoneSimulator.Build.0 = Release|Any CPU
		{B0387056-24F4-4421-8B49-B78A2CEDC19E}.Debug|Any CPU.ActiveCfg = Debug|Any CPU
		{B0387056-24F4-4421-8B49-B78A2CEDC19E}.Debug|Any CPU.Build.0 = Debug|Any CPU
		{B0387056-24F4-4421-8B49-B78A2CEDC19E}.Debug|iPhone.ActiveCfg = Debug|Any CPU
		{B0387056-24F4-4421-8B49-B78A2CEDC19E}.Debug|iPhone.Build.0 = Debug|Any CPU
		{B0387056-24F4-4421-8B49-B78A2CEDC19E}.Debug|iPhoneSimulator.ActiveCfg = Debug|Any CPU
		{B0387056-24F4-4421-8B49-B78A2CEDC19E}.Debug|iPhoneSimulator.Build.0 = Debug|Any CPU
		{B0387056-24F4-4421-8B49-B78A2CEDC19E}.Release|Any CPU.ActiveCfg = Release|Any CPU
		{B0387056-24F4-4421-8B49-B78A2CEDC19E}.Release|Any CPU.Build.0 = Release|Any CPU
		{B0387056-24F4-4421-8B49-B78A2CEDC19E}.Release|iPhone.ActiveCfg = Release|Any CPU
		{B0387056-24F4-4421-8B49-B78A2CEDC19E}.Release|iPhone.Build.0 = Release|Any CPU
		{B0387056-24F4-4421-8B49-B78A2CEDC19E}.Release|iPhoneSimulator.ActiveCfg = Release|Any CPU
		{B0387056-24F4-4421-8B49-B78A2CEDC19E}.Release|iPhoneSimulator.Build.0 = Release|Any CPU
		{318A7D0F-5E8F-4CFE-BE13-7DCA1235E0AE}.Ad-Hoc|Any CPU.ActiveCfg = Release|Any CPU
		{318A7D0F-5E8F-4CFE-BE13-7DCA1235E0AE}.Ad-Hoc|Any CPU.Build.0 = Release|Any CPU
		{318A7D0F-5E8F-4CFE-BE13-7DCA1235E0AE}.Ad-Hoc|iPhone.ActiveCfg = Release|Any CPU
		{318A7D0F-5E8F-4CFE-BE13-7DCA1235E0AE}.Ad-Hoc|iPhone.Build.0 = Release|Any CPU
		{318A7D0F-5E8F-4CFE-BE13-7DCA1235E0AE}.Ad-Hoc|iPhoneSimulator.ActiveCfg = Release|Any CPU
		{318A7D0F-5E8F-4CFE-BE13-7DCA1235E0AE}.Ad-Hoc|iPhoneSimulator.Build.0 = Release|Any CPU
		{318A7D0F-5E8F-4CFE-BE13-7DCA1235E0AE}.AppStore|Any CPU.ActiveCfg = Release|Any CPU
		{318A7D0F-5E8F-4CFE-BE13-7DCA1235E0AE}.AppStore|Any CPU.Build.0 = Release|Any CPU
		{318A7D0F-5E8F-4CFE-BE13-7DCA1235E0AE}.AppStore|iPhone.ActiveCfg = Release|Any CPU
		{318A7D0F-5E8F-4CFE-BE13-7DCA1235E0AE}.AppStore|iPhone.Build.0 = Release|Any CPU
		{318A7D0F-5E8F-4CFE-BE13-7DCA1235E0AE}.AppStore|iPhoneSimulator.ActiveCfg = Release|Any CPU
		{318A7D0F-5E8F-4CFE-BE13-7DCA1235E0AE}.AppStore|iPhoneSimulator.Build.0 = Release|Any CPU
		{318A7D0F-5E8F-4CFE-BE13-7DCA1235E0AE}.Debug|Any CPU.ActiveCfg = Debug|Any CPU
		{318A7D0F-5E8F-4CFE-BE13-7DCA1235E0AE}.Debug|Any CPU.Build.0 = Debug|Any CPU
		{318A7D0F-5E8F-4CFE-BE13-7DCA1235E0AE}.Debug|iPhone.ActiveCfg = Debug|Any CPU
		{318A7D0F-5E8F-4CFE-BE13-7DCA1235E0AE}.Debug|iPhone.Build.0 = Debug|Any CPU
		{318A7D0F-5E8F-4CFE-BE13-7DCA1235E0AE}.Debug|iPhoneSimulator.ActiveCfg = Debug|Any CPU
		{318A7D0F-5E8F-4CFE-BE13-7DCA1235E0AE}.Debug|iPhoneSimulator.Build.0 = Debug|Any CPU
		{318A7D0F-5E8F-4CFE-BE13-7DCA1235E0AE}.Release|Any CPU.ActiveCfg = Release|Any CPU
		{318A7D0F-5E8F-4CFE-BE13-7DCA1235E0AE}.Release|Any CPU.Build.0 = Release|Any CPU
		{318A7D0F-5E8F-4CFE-BE13-7DCA1235E0AE}.Release|iPhone.ActiveCfg = Release|Any CPU
		{318A7D0F-5E8F-4CFE-BE13-7DCA1235E0AE}.Release|iPhone.Build.0 = Release|Any CPU
		{318A7D0F-5E8F-4CFE-BE13-7DCA1235E0AE}.Release|iPhoneSimulator.ActiveCfg = Release|Any CPU
		{318A7D0F-5E8F-4CFE-BE13-7DCA1235E0AE}.Release|iPhoneSimulator.Build.0 = Release|Any CPU
		{35439771-7B34-44EB-97C0-3F10B8C644A9}.Ad-Hoc|Any CPU.ActiveCfg = Release|Any CPU
		{35439771-7B34-44EB-97C0-3F10B8C644A9}.Ad-Hoc|Any CPU.Build.0 = Release|Any CPU
		{35439771-7B34-44EB-97C0-3F10B8C644A9}.Ad-Hoc|Any CPU.Deploy.0 = Release|Any CPU
		{35439771-7B34-44EB-97C0-3F10B8C644A9}.Ad-Hoc|iPhone.ActiveCfg = Release|Any CPU
		{35439771-7B34-44EB-97C0-3F10B8C644A9}.Ad-Hoc|iPhone.Build.0 = Release|Any CPU
		{35439771-7B34-44EB-97C0-3F10B8C644A9}.Ad-Hoc|iPhone.Deploy.0 = Release|Any CPU
		{35439771-7B34-44EB-97C0-3F10B8C644A9}.Ad-Hoc|iPhoneSimulator.ActiveCfg = Release|Any CPU
		{35439771-7B34-44EB-97C0-3F10B8C644A9}.Ad-Hoc|iPhoneSimulator.Build.0 = Release|Any CPU
		{35439771-7B34-44EB-97C0-3F10B8C644A9}.Ad-Hoc|iPhoneSimulator.Deploy.0 = Release|Any CPU
		{35439771-7B34-44EB-97C0-3F10B8C644A9}.AppStore|Any CPU.ActiveCfg = Release|Any CPU
		{35439771-7B34-44EB-97C0-3F10B8C644A9}.AppStore|Any CPU.Build.0 = Release|Any CPU
		{35439771-7B34-44EB-97C0-3F10B8C644A9}.AppStore|Any CPU.Deploy.0 = Release|Any CPU
		{35439771-7B34-44EB-97C0-3F10B8C644A9}.AppStore|iPhone.ActiveCfg = Release|Any CPU
		{35439771-7B34-44EB-97C0-3F10B8C644A9}.AppStore|iPhone.Build.0 = Release|Any CPU
		{35439771-7B34-44EB-97C0-3F10B8C644A9}.AppStore|iPhone.Deploy.0 = Release|Any CPU
		{35439771-7B34-44EB-97C0-3F10B8C644A9}.AppStore|iPhoneSimulator.ActiveCfg = Release|Any CPU
		{35439771-7B34-44EB-97C0-3F10B8C644A9}.AppStore|iPhoneSimulator.Build.0 = Release|Any CPU
		{35439771-7B34-44EB-97C0-3F10B8C644A9}.AppStore|iPhoneSimulator.Deploy.0 = Release|Any CPU
		{35439771-7B34-44EB-97C0-3F10B8C644A9}.Debug|Any CPU.ActiveCfg = Debug|Any CPU
		{35439771-7B34-44EB-97C0-3F10B8C644A9}.Debug|Any CPU.Build.0 = Debug|Any CPU
		{35439771-7B34-44EB-97C0-3F10B8C644A9}.Debug|Any CPU.Deploy.0 = Debug|Any CPU
		{35439771-7B34-44EB-97C0-3F10B8C644A9}.Debug|iPhone.ActiveCfg = Debug|Any CPU
		{35439771-7B34-44EB-97C0-3F10B8C644A9}.Debug|iPhone.Build.0 = Debug|Any CPU
		{35439771-7B34-44EB-97C0-3F10B8C644A9}.Debug|iPhone.Deploy.0 = Debug|Any CPU
		{35439771-7B34-44EB-97C0-3F10B8C644A9}.Debug|iPhoneSimulator.ActiveCfg = Debug|Any CPU
		{35439771-7B34-44EB-97C0-3F10B8C644A9}.Debug|iPhoneSimulator.Build.0 = Debug|Any CPU
		{35439771-7B34-44EB-97C0-3F10B8C644A9}.Debug|iPhoneSimulator.Deploy.0 = Debug|Any CPU
		{35439771-7B34-44EB-97C0-3F10B8C644A9}.Release|Any CPU.ActiveCfg = Release|Any CPU
		{35439771-7B34-44EB-97C0-3F10B8C644A9}.Release|Any CPU.Build.0 = Release|Any CPU
		{35439771-7B34-44EB-97C0-3F10B8C644A9}.Release|Any CPU.Deploy.0 = Release|Any CPU
		{35439771-7B34-44EB-97C0-3F10B8C644A9}.Release|iPhone.ActiveCfg = Release|Any CPU
		{35439771-7B34-44EB-97C0-3F10B8C644A9}.Release|iPhone.Build.0 = Release|Any CPU
		{35439771-7B34-44EB-97C0-3F10B8C644A9}.Release|iPhone.Deploy.0 = Release|Any CPU
		{35439771-7B34-44EB-97C0-3F10B8C644A9}.Release|iPhoneSimulator.ActiveCfg = Release|Any CPU
		{35439771-7B34-44EB-97C0-3F10B8C644A9}.Release|iPhoneSimulator.Build.0 = Release|Any CPU
		{35439771-7B34-44EB-97C0-3F10B8C644A9}.Release|iPhoneSimulator.Deploy.0 = Release|Any CPU
		{9720EF44-ABA5-422D-A9BF-30CE32D32B4E}.Ad-Hoc|Any CPU.ActiveCfg = Release|Any CPU
		{9720EF44-ABA5-422D-A9BF-30CE32D32B4E}.Ad-Hoc|Any CPU.Build.0 = Release|Any CPU
		{9720EF44-ABA5-422D-A9BF-30CE32D32B4E}.Ad-Hoc|iPhone.ActiveCfg = Release|Any CPU
		{9720EF44-ABA5-422D-A9BF-30CE32D32B4E}.Ad-Hoc|iPhone.Build.0 = Release|Any CPU
		{9720EF44-ABA5-422D-A9BF-30CE32D32B4E}.Ad-Hoc|iPhoneSimulator.ActiveCfg = Release|Any CPU
		{9720EF44-ABA5-422D-A9BF-30CE32D32B4E}.Ad-Hoc|iPhoneSimulator.Build.0 = Release|Any CPU
		{9720EF44-ABA5-422D-A9BF-30CE32D32B4E}.AppStore|Any CPU.ActiveCfg = Release|Any CPU
		{9720EF44-ABA5-422D-A9BF-30CE32D32B4E}.AppStore|Any CPU.Build.0 = Release|Any CPU
		{9720EF44-ABA5-422D-A9BF-30CE32D32B4E}.AppStore|iPhone.ActiveCfg = Release|Any CPU
		{9720EF44-ABA5-422D-A9BF-30CE32D32B4E}.AppStore|iPhone.Build.0 = Release|Any CPU
		{9720EF44-ABA5-422D-A9BF-30CE32D32B4E}.AppStore|iPhoneSimulator.ActiveCfg = Release|Any CPU
		{9720EF44-ABA5-422D-A9BF-30CE32D32B4E}.AppStore|iPhoneSimulator.Build.0 = Release|Any CPU
		{9720EF44-ABA5-422D-A9BF-30CE32D32B4E}.Debug|Any CPU.ActiveCfg = Debug|Any CPU
		{9720EF44-ABA5-422D-A9BF-30CE32D32B4E}.Debug|Any CPU.Build.0 = Debug|Any CPU
		{9720EF44-ABA5-422D-A9BF-30CE32D32B4E}.Debug|iPhone.ActiveCfg = Debug|Any CPU
		{9720EF44-ABA5-422D-A9BF-30CE32D32B4E}.Debug|iPhone.Build.0 = Debug|Any CPU
		{9720EF44-ABA5-422D-A9BF-30CE32D32B4E}.Debug|iPhoneSimulator.ActiveCfg = Debug|Any CPU
		{9720EF44-ABA5-422D-A9BF-30CE32D32B4E}.Debug|iPhoneSimulator.Build.0 = Debug|Any CPU
		{9720EF44-ABA5-422D-A9BF-30CE32D32B4E}.Release|Any CPU.ActiveCfg = Release|Any CPU
		{9720EF44-ABA5-422D-A9BF-30CE32D32B4E}.Release|Any CPU.Build.0 = Release|Any CPU
		{9720EF44-ABA5-422D-A9BF-30CE32D32B4E}.Release|iPhone.ActiveCfg = Release|Any CPU
		{9720EF44-ABA5-422D-A9BF-30CE32D32B4E}.Release|iPhone.Build.0 = Release|Any CPU
		{9720EF44-ABA5-422D-A9BF-30CE32D32B4E}.Release|iPhoneSimulator.ActiveCfg = Release|Any CPU
		{9720EF44-ABA5-422D-A9BF-30CE32D32B4E}.Release|iPhoneSimulator.Build.0 = Release|Any CPU
		{F12D905F-77EE-4ABF-B3EA-2F31ACE79335}.Ad-Hoc|Any CPU.ActiveCfg = Ad-Hoc|iPhone
		{F12D905F-77EE-4ABF-B3EA-2F31ACE79335}.Ad-Hoc|iPhone.ActiveCfg = Ad-Hoc|iPhone
		{F12D905F-77EE-4ABF-B3EA-2F31ACE79335}.Ad-Hoc|iPhone.Build.0 = Ad-Hoc|iPhone
		{F12D905F-77EE-4ABF-B3EA-2F31ACE79335}.Ad-Hoc|iPhoneSimulator.ActiveCfg = Ad-Hoc|iPhoneSimulator
		{F12D905F-77EE-4ABF-B3EA-2F31ACE79335}.Ad-Hoc|iPhoneSimulator.Build.0 = Ad-Hoc|iPhoneSimulator
		{F12D905F-77EE-4ABF-B3EA-2F31ACE79335}.AppStore|Any CPU.ActiveCfg = AppStore|iPhone
		{F12D905F-77EE-4ABF-B3EA-2F31ACE79335}.AppStore|iPhone.ActiveCfg = AppStore|iPhone
		{F12D905F-77EE-4ABF-B3EA-2F31ACE79335}.AppStore|iPhone.Build.0 = AppStore|iPhone
		{F12D905F-77EE-4ABF-B3EA-2F31ACE79335}.AppStore|iPhoneSimulator.ActiveCfg = AppStore|iPhoneSimulator
		{F12D905F-77EE-4ABF-B3EA-2F31ACE79335}.AppStore|iPhoneSimulator.Build.0 = AppStore|iPhoneSimulator
		{F12D905F-77EE-4ABF-B3EA-2F31ACE79335}.Debug|Any CPU.ActiveCfg = Debug|iPhone
		{F12D905F-77EE-4ABF-B3EA-2F31ACE79335}.Debug|iPhone.ActiveCfg = Debug|iPhone
		{F12D905F-77EE-4ABF-B3EA-2F31ACE79335}.Debug|iPhone.Build.0 = Debug|iPhone
		{F12D905F-77EE-4ABF-B3EA-2F31ACE79335}.Debug|iPhoneSimulator.ActiveCfg = Debug|iPhoneSimulator
		{F12D905F-77EE-4ABF-B3EA-2F31ACE79335}.Debug|iPhoneSimulator.Build.0 = Debug|iPhoneSimulator
		{F12D905F-77EE-4ABF-B3EA-2F31ACE79335}.Release|Any CPU.ActiveCfg = Release|iPhone
		{F12D905F-77EE-4ABF-B3EA-2F31ACE79335}.Release|iPhone.ActiveCfg = Release|iPhone
		{F12D905F-77EE-4ABF-B3EA-2F31ACE79335}.Release|iPhone.Build.0 = Release|iPhone
		{F12D905F-77EE-4ABF-B3EA-2F31ACE79335}.Release|iPhoneSimulator.ActiveCfg = Release|iPhoneSimulator
		{F12D905F-77EE-4ABF-B3EA-2F31ACE79335}.Release|iPhoneSimulator.Build.0 = Release|iPhoneSimulator
		{67F9D3A8-F71E-4428-913F-C37AE82CDB24}.Ad-Hoc|Any CPU.ActiveCfg = Release|Any CPU
		{67F9D3A8-F71E-4428-913F-C37AE82CDB24}.Ad-Hoc|Any CPU.Build.0 = Release|Any CPU
		{67F9D3A8-F71E-4428-913F-C37AE82CDB24}.Ad-Hoc|iPhone.ActiveCfg = Release|Any CPU
		{67F9D3A8-F71E-4428-913F-C37AE82CDB24}.Ad-Hoc|iPhone.Build.0 = Release|Any CPU
		{67F9D3A8-F71E-4428-913F-C37AE82CDB24}.Ad-Hoc|iPhoneSimulator.ActiveCfg = Release|Any CPU
		{67F9D3A8-F71E-4428-913F-C37AE82CDB24}.Ad-Hoc|iPhoneSimulator.Build.0 = Release|Any CPU
		{67F9D3A8-F71E-4428-913F-C37AE82CDB24}.AppStore|Any CPU.ActiveCfg = Release|Any CPU
		{67F9D3A8-F71E-4428-913F-C37AE82CDB24}.AppStore|Any CPU.Build.0 = Release|Any CPU
		{67F9D3A8-F71E-4428-913F-C37AE82CDB24}.AppStore|iPhone.ActiveCfg = Release|Any CPU
		{67F9D3A8-F71E-4428-913F-C37AE82CDB24}.AppStore|iPhone.Build.0 = Release|Any CPU
		{67F9D3A8-F71E-4428-913F-C37AE82CDB24}.AppStore|iPhoneSimulator.ActiveCfg = Release|Any CPU
		{67F9D3A8-F71E-4428-913F-C37AE82CDB24}.AppStore|iPhoneSimulator.Build.0 = Release|Any CPU
		{67F9D3A8-F71E-4428-913F-C37AE82CDB24}.Debug|Any CPU.ActiveCfg = Debug|Any CPU
		{67F9D3A8-F71E-4428-913F-C37AE82CDB24}.Debug|Any CPU.Build.0 = Debug|Any CPU
		{67F9D3A8-F71E-4428-913F-C37AE82CDB24}.Debug|iPhone.ActiveCfg = Debug|Any CPU
		{67F9D3A8-F71E-4428-913F-C37AE82CDB24}.Debug|iPhone.Build.0 = Debug|Any CPU
		{67F9D3A8-F71E-4428-913F-C37AE82CDB24}.Debug|iPhoneSimulator.ActiveCfg = Debug|Any CPU
		{67F9D3A8-F71E-4428-913F-C37AE82CDB24}.Debug|iPhoneSimulator.Build.0 = Debug|Any CPU
		{67F9D3A8-F71E-4428-913F-C37AE82CDB24}.Release|Any CPU.ActiveCfg = Release|Any CPU
		{67F9D3A8-F71E-4428-913F-C37AE82CDB24}.Release|Any CPU.Build.0 = Release|Any CPU
		{67F9D3A8-F71E-4428-913F-C37AE82CDB24}.Release|iPhone.ActiveCfg = Release|Any CPU
		{67F9D3A8-F71E-4428-913F-C37AE82CDB24}.Release|iPhone.Build.0 = Release|Any CPU
		{67F9D3A8-F71E-4428-913F-C37AE82CDB24}.Release|iPhoneSimulator.ActiveCfg = Release|Any CPU
		{67F9D3A8-F71E-4428-913F-C37AE82CDB24}.Release|iPhoneSimulator.Build.0 = Release|Any CPU
		{B1859A31-9087-4AB9-9B9D-A0DF28C1678D}.Ad-Hoc|Any CPU.ActiveCfg = Release|Any CPU
		{B1859A31-9087-4AB9-9B9D-A0DF28C1678D}.Ad-Hoc|Any CPU.Build.0 = Release|Any CPU
		{B1859A31-9087-4AB9-9B9D-A0DF28C1678D}.Ad-Hoc|iPhone.ActiveCfg = Release|Any CPU
		{B1859A31-9087-4AB9-9B9D-A0DF28C1678D}.Ad-Hoc|iPhone.Build.0 = Release|Any CPU
		{B1859A31-9087-4AB9-9B9D-A0DF28C1678D}.Ad-Hoc|iPhoneSimulator.ActiveCfg = Release|Any CPU
		{B1859A31-9087-4AB9-9B9D-A0DF28C1678D}.Ad-Hoc|iPhoneSimulator.Build.0 = Release|Any CPU
		{B1859A31-9087-4AB9-9B9D-A0DF28C1678D}.AppStore|Any CPU.ActiveCfg = Release|Any CPU
		{B1859A31-9087-4AB9-9B9D-A0DF28C1678D}.AppStore|Any CPU.Build.0 = Release|Any CPU
		{B1859A31-9087-4AB9-9B9D-A0DF28C1678D}.AppStore|iPhone.ActiveCfg = Release|Any CPU
		{B1859A31-9087-4AB9-9B9D-A0DF28C1678D}.AppStore|iPhone.Build.0 = Release|Any CPU
		{B1859A31-9087-4AB9-9B9D-A0DF28C1678D}.AppStore|iPhoneSimulator.ActiveCfg = Release|Any CPU
		{B1859A31-9087-4AB9-9B9D-A0DF28C1678D}.AppStore|iPhoneSimulator.Build.0 = Release|Any CPU
		{B1859A31-9087-4AB9-9B9D-A0DF28C1678D}.Debug|Any CPU.ActiveCfg = Debug|Any CPU
		{B1859A31-9087-4AB9-9B9D-A0DF28C1678D}.Debug|Any CPU.Build.0 = Debug|Any CPU
		{B1859A31-9087-4AB9-9B9D-A0DF28C1678D}.Debug|iPhone.ActiveCfg = Debug|Any CPU
		{B1859A31-9087-4AB9-9B9D-A0DF28C1678D}.Debug|iPhone.Build.0 = Debug|Any CPU
		{B1859A31-9087-4AB9-9B9D-A0DF28C1678D}.Debug|iPhoneSimulator.ActiveCfg = Debug|Any CPU
		{B1859A31-9087-4AB9-9B9D-A0DF28C1678D}.Debug|iPhoneSimulator.Build.0 = Debug|Any CPU
		{B1859A31-9087-4AB9-9B9D-A0DF28C1678D}.Release|Any CPU.ActiveCfg = Release|Any CPU
		{B1859A31-9087-4AB9-9B9D-A0DF28C1678D}.Release|Any CPU.Build.0 = Release|Any CPU
		{B1859A31-9087-4AB9-9B9D-A0DF28C1678D}.Release|iPhone.ActiveCfg = Release|Any CPU
		{B1859A31-9087-4AB9-9B9D-A0DF28C1678D}.Release|iPhone.Build.0 = Release|Any CPU
		{B1859A31-9087-4AB9-9B9D-A0DF28C1678D}.Release|iPhoneSimulator.ActiveCfg = Release|Any CPU
		{B1859A31-9087-4AB9-9B9D-A0DF28C1678D}.Release|iPhoneSimulator.Build.0 = Release|Any CPU
		{F8DE1721-E899-490B-9849-FC261FFC3488}.Ad-Hoc|Any CPU.ActiveCfg = Release|Any CPU
		{F8DE1721-E899-490B-9849-FC261FFC3488}.Ad-Hoc|Any CPU.Build.0 = Release|Any CPU
		{F8DE1721-E899-490B-9849-FC261FFC3488}.Ad-Hoc|iPhone.ActiveCfg = Release|Any CPU
		{F8DE1721-E899-490B-9849-FC261FFC3488}.Ad-Hoc|iPhone.Build.0 = Release|Any CPU
		{F8DE1721-E899-490B-9849-FC261FFC3488}.Ad-Hoc|iPhoneSimulator.ActiveCfg = Release|Any CPU
		{F8DE1721-E899-490B-9849-FC261FFC3488}.Ad-Hoc|iPhoneSimulator.Build.0 = Release|Any CPU
		{F8DE1721-E899-490B-9849-FC261FFC3488}.AppStore|Any CPU.ActiveCfg = Release|Any CPU
		{F8DE1721-E899-490B-9849-FC261FFC3488}.AppStore|Any CPU.Build.0 = Release|Any CPU
		{F8DE1721-E899-490B-9849-FC261FFC3488}.AppStore|iPhone.ActiveCfg = Release|Any CPU
		{F8DE1721-E899-490B-9849-FC261FFC3488}.AppStore|iPhone.Build.0 = Release|Any CPU
		{F8DE1721-E899-490B-9849-FC261FFC3488}.AppStore|iPhoneSimulator.ActiveCfg = Release|Any CPU
		{F8DE1721-E899-490B-9849-FC261FFC3488}.AppStore|iPhoneSimulator.Build.0 = Release|Any CPU
		{F8DE1721-E899-490B-9849-FC261FFC3488}.Debug|Any CPU.ActiveCfg = Debug|Any CPU
		{F8DE1721-E899-490B-9849-FC261FFC3488}.Debug|Any CPU.Build.0 = Debug|Any CPU
		{F8DE1721-E899-490B-9849-FC261FFC3488}.Debug|iPhone.ActiveCfg = Debug|Any CPU
		{F8DE1721-E899-490B-9849-FC261FFC3488}.Debug|iPhone.Build.0 = Debug|Any CPU
		{F8DE1721-E899-490B-9849-FC261FFC3488}.Debug|iPhoneSimulator.ActiveCfg = Debug|Any CPU
		{F8DE1721-E899-490B-9849-FC261FFC3488}.Debug|iPhoneSimulator.Build.0 = Debug|Any CPU
		{F8DE1721-E899-490B-9849-FC261FFC3488}.Release|Any CPU.ActiveCfg = Release|Any CPU
		{F8DE1721-E899-490B-9849-FC261FFC3488}.Release|Any CPU.Build.0 = Release|Any CPU
		{F8DE1721-E899-490B-9849-FC261FFC3488}.Release|iPhone.ActiveCfg = Release|Any CPU
		{F8DE1721-E899-490B-9849-FC261FFC3488}.Release|iPhone.Build.0 = Release|Any CPU
		{F8DE1721-E899-490B-9849-FC261FFC3488}.Release|iPhoneSimulator.ActiveCfg = Release|Any CPU
		{F8DE1721-E899-490B-9849-FC261FFC3488}.Release|iPhoneSimulator.Build.0 = Release|Any CPU
		{28A53533-C5E4-42A6-A247-63AD5DE50778}.Ad-Hoc|Any CPU.ActiveCfg = Release|Any CPU
		{28A53533-C5E4-42A6-A247-63AD5DE50778}.Ad-Hoc|Any CPU.Build.0 = Release|Any CPU
		{28A53533-C5E4-42A6-A247-63AD5DE50778}.Ad-Hoc|iPhone.ActiveCfg = Release|Any CPU
		{28A53533-C5E4-42A6-A247-63AD5DE50778}.Ad-Hoc|iPhone.Build.0 = Release|Any CPU
		{28A53533-C5E4-42A6-A247-63AD5DE50778}.Ad-Hoc|iPhoneSimulator.ActiveCfg = Release|Any CPU
		{28A53533-C5E4-42A6-A247-63AD5DE50778}.Ad-Hoc|iPhoneSimulator.Build.0 = Release|Any CPU
		{28A53533-C5E4-42A6-A247-63AD5DE50778}.AppStore|Any CPU.ActiveCfg = Release|Any CPU
		{28A53533-C5E4-42A6-A247-63AD5DE50778}.AppStore|Any CPU.Build.0 = Release|Any CPU
		{28A53533-C5E4-42A6-A247-63AD5DE50778}.AppStore|iPhone.ActiveCfg = Release|Any CPU
		{28A53533-C5E4-42A6-A247-63AD5DE50778}.AppStore|iPhone.Build.0 = Release|Any CPU
		{28A53533-C5E4-42A6-A247-63AD5DE50778}.AppStore|iPhoneSimulator.ActiveCfg = Release|Any CPU
		{28A53533-C5E4-42A6-A247-63AD5DE50778}.AppStore|iPhoneSimulator.Build.0 = Release|Any CPU
		{28A53533-C5E4-42A6-A247-63AD5DE50778}.Debug|Any CPU.ActiveCfg = Debug|Any CPU
		{28A53533-C5E4-42A6-A247-63AD5DE50778}.Debug|Any CPU.Build.0 = Debug|Any CPU
		{28A53533-C5E4-42A6-A247-63AD5DE50778}.Debug|iPhone.ActiveCfg = Debug|Any CPU
		{28A53533-C5E4-42A6-A247-63AD5DE50778}.Debug|iPhone.Build.0 = Debug|Any CPU
		{28A53533-C5E4-42A6-A247-63AD5DE50778}.Debug|iPhoneSimulator.ActiveCfg = Debug|Any CPU
		{28A53533-C5E4-42A6-A247-63AD5DE50778}.Debug|iPhoneSimulator.Build.0 = Debug|Any CPU
		{28A53533-C5E4-42A6-A247-63AD5DE50778}.Release|Any CPU.ActiveCfg = Release|Any CPU
		{28A53533-C5E4-42A6-A247-63AD5DE50778}.Release|Any CPU.Build.0 = Release|Any CPU
		{28A53533-C5E4-42A6-A247-63AD5DE50778}.Release|iPhone.ActiveCfg = Release|Any CPU
		{28A53533-C5E4-42A6-A247-63AD5DE50778}.Release|iPhone.Build.0 = Release|Any CPU
		{28A53533-C5E4-42A6-A247-63AD5DE50778}.Release|iPhoneSimulator.ActiveCfg = Release|Any CPU
		{28A53533-C5E4-42A6-A247-63AD5DE50778}.Release|iPhoneSimulator.Build.0 = Release|Any CPU
		{8D2E6A67-66D8-4D33-B11E-5B048326AD22}.Ad-Hoc|Any CPU.ActiveCfg = Release|Any CPU
		{8D2E6A67-66D8-4D33-B11E-5B048326AD22}.Ad-Hoc|Any CPU.Build.0 = Release|Any CPU
		{8D2E6A67-66D8-4D33-B11E-5B048326AD22}.Ad-Hoc|Any CPU.Deploy.0 = Release|Any CPU
		{8D2E6A67-66D8-4D33-B11E-5B048326AD22}.Ad-Hoc|iPhone.ActiveCfg = Release|Any CPU
		{8D2E6A67-66D8-4D33-B11E-5B048326AD22}.Ad-Hoc|iPhone.Build.0 = Release|Any CPU
		{8D2E6A67-66D8-4D33-B11E-5B048326AD22}.Ad-Hoc|iPhone.Deploy.0 = Release|Any CPU
		{8D2E6A67-66D8-4D33-B11E-5B048326AD22}.Ad-Hoc|iPhoneSimulator.ActiveCfg = Release|Any CPU
		{8D2E6A67-66D8-4D33-B11E-5B048326AD22}.Ad-Hoc|iPhoneSimulator.Build.0 = Release|Any CPU
		{8D2E6A67-66D8-4D33-B11E-5B048326AD22}.Ad-Hoc|iPhoneSimulator.Deploy.0 = Release|Any CPU
		{8D2E6A67-66D8-4D33-B11E-5B048326AD22}.AppStore|Any CPU.ActiveCfg = Release|Any CPU
		{8D2E6A67-66D8-4D33-B11E-5B048326AD22}.AppStore|Any CPU.Build.0 = Release|Any CPU
		{8D2E6A67-66D8-4D33-B11E-5B048326AD22}.AppStore|Any CPU.Deploy.0 = Release|Any CPU
		{8D2E6A67-66D8-4D33-B11E-5B048326AD22}.AppStore|iPhone.ActiveCfg = Release|Any CPU
		{8D2E6A67-66D8-4D33-B11E-5B048326AD22}.AppStore|iPhone.Build.0 = Release|Any CPU
		{8D2E6A67-66D8-4D33-B11E-5B048326AD22}.AppStore|iPhone.Deploy.0 = Release|Any CPU
		{8D2E6A67-66D8-4D33-B11E-5B048326AD22}.AppStore|iPhoneSimulator.ActiveCfg = Release|Any CPU
		{8D2E6A67-66D8-4D33-B11E-5B048326AD22}.AppStore|iPhoneSimulator.Build.0 = Release|Any CPU
		{8D2E6A67-66D8-4D33-B11E-5B048326AD22}.AppStore|iPhoneSimulator.Deploy.0 = Release|Any CPU
		{8D2E6A67-66D8-4D33-B11E-5B048326AD22}.Debug|Any CPU.ActiveCfg = Debug|Any CPU
		{8D2E6A67-66D8-4D33-B11E-5B048326AD22}.Debug|Any CPU.Build.0 = Debug|Any CPU
		{8D2E6A67-66D8-4D33-B11E-5B048326AD22}.Debug|Any CPU.Deploy.0 = Debug|Any CPU
		{8D2E6A67-66D8-4D33-B11E-5B048326AD22}.Debug|iPhone.ActiveCfg = Debug|Any CPU
		{8D2E6A67-66D8-4D33-B11E-5B048326AD22}.Debug|iPhone.Build.0 = Debug|Any CPU
		{8D2E6A67-66D8-4D33-B11E-5B048326AD22}.Debug|iPhone.Deploy.0 = Debug|Any CPU
		{8D2E6A67-66D8-4D33-B11E-5B048326AD22}.Debug|iPhoneSimulator.ActiveCfg = Debug|Any CPU
		{8D2E6A67-66D8-4D33-B11E-5B048326AD22}.Debug|iPhoneSimulator.Build.0 = Debug|Any CPU
		{8D2E6A67-66D8-4D33-B11E-5B048326AD22}.Debug|iPhoneSimulator.Deploy.0 = Debug|Any CPU
		{8D2E6A67-66D8-4D33-B11E-5B048326AD22}.Release|Any CPU.ActiveCfg = Release|Any CPU
		{8D2E6A67-66D8-4D33-B11E-5B048326AD22}.Release|Any CPU.Build.0 = Release|Any CPU
		{8D2E6A67-66D8-4D33-B11E-5B048326AD22}.Release|Any CPU.Deploy.0 = Release|Any CPU
		{8D2E6A67-66D8-4D33-B11E-5B048326AD22}.Release|iPhone.ActiveCfg = Release|Any CPU
		{8D2E6A67-66D8-4D33-B11E-5B048326AD22}.Release|iPhone.Build.0 = Release|Any CPU
		{8D2E6A67-66D8-4D33-B11E-5B048326AD22}.Release|iPhone.Deploy.0 = Release|Any CPU
		{8D2E6A67-66D8-4D33-B11E-5B048326AD22}.Release|iPhoneSimulator.ActiveCfg = Release|Any CPU
		{8D2E6A67-66D8-4D33-B11E-5B048326AD22}.Release|iPhoneSimulator.Build.0 = Release|Any CPU
		{8D2E6A67-66D8-4D33-B11E-5B048326AD22}.Release|iPhoneSimulator.Deploy.0 = Release|Any CPU
		{D68BB77E-6229-4066-8EBD-A0E156760A59}.Ad-Hoc|Any CPU.ActiveCfg = Ad-Hoc|iPhone
		{D68BB77E-6229-4066-8EBD-A0E156760A59}.Ad-Hoc|iPhone.ActiveCfg = Ad-Hoc|iPhone
		{D68BB77E-6229-4066-8EBD-A0E156760A59}.Ad-Hoc|iPhone.Build.0 = Ad-Hoc|iPhone
		{D68BB77E-6229-4066-8EBD-A0E156760A59}.Ad-Hoc|iPhoneSimulator.ActiveCfg = Ad-Hoc|iPhoneSimulator
		{D68BB77E-6229-4066-8EBD-A0E156760A59}.Ad-Hoc|iPhoneSimulator.Build.0 = Ad-Hoc|iPhoneSimulator
		{D68BB77E-6229-4066-8EBD-A0E156760A59}.AppStore|Any CPU.ActiveCfg = AppStore|iPhone
		{D68BB77E-6229-4066-8EBD-A0E156760A59}.AppStore|iPhone.ActiveCfg = AppStore|iPhone
		{D68BB77E-6229-4066-8EBD-A0E156760A59}.AppStore|iPhone.Build.0 = AppStore|iPhone
		{D68BB77E-6229-4066-8EBD-A0E156760A59}.AppStore|iPhoneSimulator.ActiveCfg = AppStore|iPhoneSimulator
		{D68BB77E-6229-4066-8EBD-A0E156760A59}.AppStore|iPhoneSimulator.Build.0 = AppStore|iPhoneSimulator
		{D68BB77E-6229-4066-8EBD-A0E156760A59}.Debug|Any CPU.ActiveCfg = Debug|iPhone
		{D68BB77E-6229-4066-8EBD-A0E156760A59}.Debug|iPhone.ActiveCfg = Debug|iPhone
		{D68BB77E-6229-4066-8EBD-A0E156760A59}.Debug|iPhone.Build.0 = Debug|iPhone
		{D68BB77E-6229-4066-8EBD-A0E156760A59}.Debug|iPhoneSimulator.ActiveCfg = Debug|iPhoneSimulator
		{D68BB77E-6229-4066-8EBD-A0E156760A59}.Debug|iPhoneSimulator.Build.0 = Debug|iPhoneSimulator
		{D68BB77E-6229-4066-8EBD-A0E156760A59}.Release|Any CPU.ActiveCfg = Release|iPhone
		{D68BB77E-6229-4066-8EBD-A0E156760A59}.Release|iPhone.ActiveCfg = Release|iPhone
		{D68BB77E-6229-4066-8EBD-A0E156760A59}.Release|iPhone.Build.0 = Release|iPhone
		{D68BB77E-6229-4066-8EBD-A0E156760A59}.Release|iPhoneSimulator.ActiveCfg = Release|iPhoneSimulator
		{D68BB77E-6229-4066-8EBD-A0E156760A59}.Release|iPhoneSimulator.Build.0 = Release|iPhoneSimulator
		{C610737E-E8B6-4CF4-834C-A5EBCF6F2219}.Ad-Hoc|Any CPU.ActiveCfg = Release|Any CPU
		{C610737E-E8B6-4CF4-834C-A5EBCF6F2219}.Ad-Hoc|Any CPU.Build.0 = Release|Any CPU
		{C610737E-E8B6-4CF4-834C-A5EBCF6F2219}.Ad-Hoc|iPhone.ActiveCfg = Release|Any CPU
		{C610737E-E8B6-4CF4-834C-A5EBCF6F2219}.Ad-Hoc|iPhone.Build.0 = Release|Any CPU
		{C610737E-E8B6-4CF4-834C-A5EBCF6F2219}.Ad-Hoc|iPhoneSimulator.ActiveCfg = Release|Any CPU
		{C610737E-E8B6-4CF4-834C-A5EBCF6F2219}.Ad-Hoc|iPhoneSimulator.Build.0 = Release|Any CPU
		{C610737E-E8B6-4CF4-834C-A5EBCF6F2219}.AppStore|Any CPU.ActiveCfg = Release|Any CPU
		{C610737E-E8B6-4CF4-834C-A5EBCF6F2219}.AppStore|Any CPU.Build.0 = Release|Any CPU
		{C610737E-E8B6-4CF4-834C-A5EBCF6F2219}.AppStore|iPhone.ActiveCfg = Release|Any CPU
		{C610737E-E8B6-4CF4-834C-A5EBCF6F2219}.AppStore|iPhone.Build.0 = Release|Any CPU
		{C610737E-E8B6-4CF4-834C-A5EBCF6F2219}.AppStore|iPhoneSimulator.ActiveCfg = Release|Any CPU
		{C610737E-E8B6-4CF4-834C-A5EBCF6F2219}.AppStore|iPhoneSimulator.Build.0 = Release|Any CPU
		{C610737E-E8B6-4CF4-834C-A5EBCF6F2219}.Debug|Any CPU.ActiveCfg = Debug|Any CPU
		{C610737E-E8B6-4CF4-834C-A5EBCF6F2219}.Debug|Any CPU.Build.0 = Debug|Any CPU
		{C610737E-E8B6-4CF4-834C-A5EBCF6F2219}.Debug|iPhone.ActiveCfg = Debug|Any CPU
		{C610737E-E8B6-4CF4-834C-A5EBCF6F2219}.Debug|iPhone.Build.0 = Debug|Any CPU
		{C610737E-E8B6-4CF4-834C-A5EBCF6F2219}.Debug|iPhoneSimulator.ActiveCfg = Debug|Any CPU
		{C610737E-E8B6-4CF4-834C-A5EBCF6F2219}.Debug|iPhoneSimulator.Build.0 = Debug|Any CPU
		{C610737E-E8B6-4CF4-834C-A5EBCF6F2219}.Release|Any CPU.ActiveCfg = Release|Any CPU
		{C610737E-E8B6-4CF4-834C-A5EBCF6F2219}.Release|Any CPU.Build.0 = Release|Any CPU
		{C610737E-E8B6-4CF4-834C-A5EBCF6F2219}.Release|iPhone.ActiveCfg = Release|Any CPU
		{C610737E-E8B6-4CF4-834C-A5EBCF6F2219}.Release|iPhone.Build.0 = Release|Any CPU
		{C610737E-E8B6-4CF4-834C-A5EBCF6F2219}.Release|iPhoneSimulator.ActiveCfg = Release|Any CPU
		{C610737E-E8B6-4CF4-834C-A5EBCF6F2219}.Release|iPhoneSimulator.Build.0 = Release|Any CPU
		{8956329E-2087-41C7-9273-76900B0A217A}.Ad-Hoc|Any CPU.ActiveCfg = Release|Any CPU
		{8956329E-2087-41C7-9273-76900B0A217A}.Ad-Hoc|Any CPU.Build.0 = Release|Any CPU
		{8956329E-2087-41C7-9273-76900B0A217A}.Ad-Hoc|iPhone.ActiveCfg = Release|Any CPU
		{8956329E-2087-41C7-9273-76900B0A217A}.Ad-Hoc|iPhone.Build.0 = Release|Any CPU
		{8956329E-2087-41C7-9273-76900B0A217A}.Ad-Hoc|iPhoneSimulator.ActiveCfg = Release|Any CPU
		{8956329E-2087-41C7-9273-76900B0A217A}.Ad-Hoc|iPhoneSimulator.Build.0 = Release|Any CPU
		{8956329E-2087-41C7-9273-76900B0A217A}.AppStore|Any CPU.ActiveCfg = Release|Any CPU
		{8956329E-2087-41C7-9273-76900B0A217A}.AppStore|Any CPU.Build.0 = Release|Any CPU
		{8956329E-2087-41C7-9273-76900B0A217A}.AppStore|iPhone.ActiveCfg = Release|Any CPU
		{8956329E-2087-41C7-9273-76900B0A217A}.AppStore|iPhone.Build.0 = Release|Any CPU
		{8956329E-2087-41C7-9273-76900B0A217A}.AppStore|iPhoneSimulator.ActiveCfg = Release|Any CPU
		{8956329E-2087-41C7-9273-76900B0A217A}.AppStore|iPhoneSimulator.Build.0 = Release|Any CPU
		{8956329E-2087-41C7-9273-76900B0A217A}.Debug|Any CPU.ActiveCfg = Debug|Any CPU
		{8956329E-2087-41C7-9273-76900B0A217A}.Debug|Any CPU.Build.0 = Debug|Any CPU
		{8956329E-2087-41C7-9273-76900B0A217A}.Debug|iPhone.ActiveCfg = Debug|Any CPU
		{8956329E-2087-41C7-9273-76900B0A217A}.Debug|iPhone.Build.0 = Debug|Any CPU
		{8956329E-2087-41C7-9273-76900B0A217A}.Debug|iPhoneSimulator.ActiveCfg = Debug|Any CPU
		{8956329E-2087-41C7-9273-76900B0A217A}.Debug|iPhoneSimulator.Build.0 = Debug|Any CPU
		{8956329E-2087-41C7-9273-76900B0A217A}.Release|Any CPU.ActiveCfg = Release|Any CPU
		{8956329E-2087-41C7-9273-76900B0A217A}.Release|Any CPU.Build.0 = Release|Any CPU
		{8956329E-2087-41C7-9273-76900B0A217A}.Release|iPhone.ActiveCfg = Release|Any CPU
		{8956329E-2087-41C7-9273-76900B0A217A}.Release|iPhone.Build.0 = Release|Any CPU
		{8956329E-2087-41C7-9273-76900B0A217A}.Release|iPhoneSimulator.ActiveCfg = Release|Any CPU
		{8956329E-2087-41C7-9273-76900B0A217A}.Release|iPhoneSimulator.Build.0 = Release|Any CPU
		{BF31E501-7C92-4B90-BDC7-6323295CBC52}.Ad-Hoc|Any CPU.ActiveCfg = Release|Any CPU
		{BF31E501-7C92-4B90-BDC7-6323295CBC52}.Ad-Hoc|Any CPU.Build.0 = Release|Any CPU
		{BF31E501-7C92-4B90-BDC7-6323295CBC52}.Ad-Hoc|iPhone.ActiveCfg = Release|Any CPU
		{BF31E501-7C92-4B90-BDC7-6323295CBC52}.Ad-Hoc|iPhone.Build.0 = Release|Any CPU
		{BF31E501-7C92-4B90-BDC7-6323295CBC52}.Ad-Hoc|iPhoneSimulator.ActiveCfg = Release|Any CPU
		{BF31E501-7C92-4B90-BDC7-6323295CBC52}.Ad-Hoc|iPhoneSimulator.Build.0 = Release|Any CPU
		{BF31E501-7C92-4B90-BDC7-6323295CBC52}.AppStore|Any CPU.ActiveCfg = Release|Any CPU
		{BF31E501-7C92-4B90-BDC7-6323295CBC52}.AppStore|Any CPU.Build.0 = Release|Any CPU
		{BF31E501-7C92-4B90-BDC7-6323295CBC52}.AppStore|iPhone.ActiveCfg = Release|Any CPU
		{BF31E501-7C92-4B90-BDC7-6323295CBC52}.AppStore|iPhone.Build.0 = Release|Any CPU
		{BF31E501-7C92-4B90-BDC7-6323295CBC52}.AppStore|iPhoneSimulator.ActiveCfg = Release|Any CPU
		{BF31E501-7C92-4B90-BDC7-6323295CBC52}.AppStore|iPhoneSimulator.Build.0 = Release|Any CPU
		{BF31E501-7C92-4B90-BDC7-6323295CBC52}.Debug|Any CPU.ActiveCfg = Debug|Any CPU
		{BF31E501-7C92-4B90-BDC7-6323295CBC52}.Debug|Any CPU.Build.0 = Debug|Any CPU
		{BF31E501-7C92-4B90-BDC7-6323295CBC52}.Debug|iPhone.ActiveCfg = Debug|Any CPU
		{BF31E501-7C92-4B90-BDC7-6323295CBC52}.Debug|iPhone.Build.0 = Debug|Any CPU
		{BF31E501-7C92-4B90-BDC7-6323295CBC52}.Debug|iPhoneSimulator.ActiveCfg = Debug|Any CPU
		{BF31E501-7C92-4B90-BDC7-6323295CBC52}.Debug|iPhoneSimulator.Build.0 = Debug|Any CPU
		{BF31E501-7C92-4B90-BDC7-6323295CBC52}.Release|Any CPU.ActiveCfg = Release|Any CPU
		{BF31E501-7C92-4B90-BDC7-6323295CBC52}.Release|Any CPU.Build.0 = Release|Any CPU
		{BF31E501-7C92-4B90-BDC7-6323295CBC52}.Release|iPhone.ActiveCfg = Release|Any CPU
		{BF31E501-7C92-4B90-BDC7-6323295CBC52}.Release|iPhone.Build.0 = Release|Any CPU
		{BF31E501-7C92-4B90-BDC7-6323295CBC52}.Release|iPhoneSimulator.ActiveCfg = Release|Any CPU
		{BF31E501-7C92-4B90-BDC7-6323295CBC52}.Release|iPhoneSimulator.Build.0 = Release|Any CPU
		{17F95D3F-8E66-4E15-AB16-9A537901321D}.Ad-Hoc|Any CPU.ActiveCfg = Release|Any CPU
		{17F95D3F-8E66-4E15-AB16-9A537901321D}.Ad-Hoc|Any CPU.Build.0 = Release|Any CPU
		{17F95D3F-8E66-4E15-AB16-9A537901321D}.Ad-Hoc|iPhone.ActiveCfg = Release|Any CPU
		{17F95D3F-8E66-4E15-AB16-9A537901321D}.Ad-Hoc|iPhone.Build.0 = Release|Any CPU
		{17F95D3F-8E66-4E15-AB16-9A537901321D}.Ad-Hoc|iPhoneSimulator.ActiveCfg = Release|Any CPU
		{17F95D3F-8E66-4E15-AB16-9A537901321D}.Ad-Hoc|iPhoneSimulator.Build.0 = Release|Any CPU
		{17F95D3F-8E66-4E15-AB16-9A537901321D}.AppStore|Any CPU.ActiveCfg = Release|Any CPU
		{17F95D3F-8E66-4E15-AB16-9A537901321D}.AppStore|Any CPU.Build.0 = Release|Any CPU
		{17F95D3F-8E66-4E15-AB16-9A537901321D}.AppStore|iPhone.ActiveCfg = Release|Any CPU
		{17F95D3F-8E66-4E15-AB16-9A537901321D}.AppStore|iPhone.Build.0 = Release|Any CPU
		{17F95D3F-8E66-4E15-AB16-9A537901321D}.AppStore|iPhoneSimulator.ActiveCfg = Release|Any CPU
		{17F95D3F-8E66-4E15-AB16-9A537901321D}.AppStore|iPhoneSimulator.Build.0 = Release|Any CPU
		{17F95D3F-8E66-4E15-AB16-9A537901321D}.Debug|Any CPU.ActiveCfg = Debug|Any CPU
		{17F95D3F-8E66-4E15-AB16-9A537901321D}.Debug|Any CPU.Build.0 = Debug|Any CPU
		{17F95D3F-8E66-4E15-AB16-9A537901321D}.Debug|iPhone.ActiveCfg = Debug|Any CPU
		{17F95D3F-8E66-4E15-AB16-9A537901321D}.Debug|iPhone.Build.0 = Debug|Any CPU
		{17F95D3F-8E66-4E15-AB16-9A537901321D}.Debug|iPhoneSimulator.ActiveCfg = Debug|Any CPU
		{17F95D3F-8E66-4E15-AB16-9A537901321D}.Debug|iPhoneSimulator.Build.0 = Debug|Any CPU
		{17F95D3F-8E66-4E15-AB16-9A537901321D}.Release|Any CPU.ActiveCfg = Release|Any CPU
		{17F95D3F-8E66-4E15-AB16-9A537901321D}.Release|Any CPU.Build.0 = Release|Any CPU
		{17F95D3F-8E66-4E15-AB16-9A537901321D}.Release|iPhone.ActiveCfg = Release|Any CPU
		{17F95D3F-8E66-4E15-AB16-9A537901321D}.Release|iPhone.Build.0 = Release|Any CPU
		{17F95D3F-8E66-4E15-AB16-9A537901321D}.Release|iPhoneSimulator.ActiveCfg = Release|Any CPU
		{17F95D3F-8E66-4E15-AB16-9A537901321D}.Release|iPhoneSimulator.Build.0 = Release|Any CPU
		{C8FE4F23-70B6-475D-9B87-BD655B8CD22D}.Ad-Hoc|Any CPU.ActiveCfg = Release|Any CPU
		{C8FE4F23-70B6-475D-9B87-BD655B8CD22D}.Ad-Hoc|Any CPU.Build.0 = Release|Any CPU
		{C8FE4F23-70B6-475D-9B87-BD655B8CD22D}.Ad-Hoc|iPhone.ActiveCfg = Release|Any CPU
		{C8FE4F23-70B6-475D-9B87-BD655B8CD22D}.Ad-Hoc|iPhone.Build.0 = Release|Any CPU
		{C8FE4F23-70B6-475D-9B87-BD655B8CD22D}.Ad-Hoc|iPhoneSimulator.ActiveCfg = Release|Any CPU
		{C8FE4F23-70B6-475D-9B87-BD655B8CD22D}.Ad-Hoc|iPhoneSimulator.Build.0 = Release|Any CPU
		{C8FE4F23-70B6-475D-9B87-BD655B8CD22D}.AppStore|Any CPU.ActiveCfg = Release|Any CPU
		{C8FE4F23-70B6-475D-9B87-BD655B8CD22D}.AppStore|Any CPU.Build.0 = Release|Any CPU
		{C8FE4F23-70B6-475D-9B87-BD655B8CD22D}.AppStore|iPhone.ActiveCfg = Release|Any CPU
		{C8FE4F23-70B6-475D-9B87-BD655B8CD22D}.AppStore|iPhone.Build.0 = Release|Any CPU
		{C8FE4F23-70B6-475D-9B87-BD655B8CD22D}.AppStore|iPhoneSimulator.ActiveCfg = Release|Any CPU
		{C8FE4F23-70B6-475D-9B87-BD655B8CD22D}.AppStore|iPhoneSimulator.Build.0 = Release|Any CPU
		{C8FE4F23-70B6-475D-9B87-BD655B8CD22D}.Debug|Any CPU.ActiveCfg = Debug|Any CPU
		{C8FE4F23-70B6-475D-9B87-BD655B8CD22D}.Debug|Any CPU.Build.0 = Debug|Any CPU
		{C8FE4F23-70B6-475D-9B87-BD655B8CD22D}.Debug|iPhone.ActiveCfg = Debug|Any CPU
		{C8FE4F23-70B6-475D-9B87-BD655B8CD22D}.Debug|iPhone.Build.0 = Debug|Any CPU
		{C8FE4F23-70B6-475D-9B87-BD655B8CD22D}.Debug|iPhoneSimulator.ActiveCfg = Debug|Any CPU
		{C8FE4F23-70B6-475D-9B87-BD655B8CD22D}.Debug|iPhoneSimulator.Build.0 = Debug|Any CPU
		{C8FE4F23-70B6-475D-9B87-BD655B8CD22D}.Release|Any CPU.ActiveCfg = Release|Any CPU
		{C8FE4F23-70B6-475D-9B87-BD655B8CD22D}.Release|Any CPU.Build.0 = Release|Any CPU
		{C8FE4F23-70B6-475D-9B87-BD655B8CD22D}.Release|iPhone.ActiveCfg = Release|Any CPU
		{C8FE4F23-70B6-475D-9B87-BD655B8CD22D}.Release|iPhone.Build.0 = Release|Any CPU
		{C8FE4F23-70B6-475D-9B87-BD655B8CD22D}.Release|iPhoneSimulator.ActiveCfg = Release|Any CPU
		{C8FE4F23-70B6-475D-9B87-BD655B8CD22D}.Release|iPhoneSimulator.Build.0 = Release|Any CPU
		{9BE2C151-3510-4B48-89D3-3A7CADD8B804}.Ad-Hoc|Any CPU.ActiveCfg = Release|Any CPU
		{9BE2C151-3510-4B48-89D3-3A7CADD8B804}.Ad-Hoc|Any CPU.Build.0 = Release|Any CPU
		{9BE2C151-3510-4B48-89D3-3A7CADD8B804}.Ad-Hoc|iPhone.ActiveCfg = Release|Any CPU
		{9BE2C151-3510-4B48-89D3-3A7CADD8B804}.Ad-Hoc|iPhone.Build.0 = Release|Any CPU
		{9BE2C151-3510-4B48-89D3-3A7CADD8B804}.Ad-Hoc|iPhoneSimulator.ActiveCfg = Release|Any CPU
		{9BE2C151-3510-4B48-89D3-3A7CADD8B804}.Ad-Hoc|iPhoneSimulator.Build.0 = Release|Any CPU
		{9BE2C151-3510-4B48-89D3-3A7CADD8B804}.AppStore|Any CPU.ActiveCfg = Release|Any CPU
		{9BE2C151-3510-4B48-89D3-3A7CADD8B804}.AppStore|Any CPU.Build.0 = Release|Any CPU
		{9BE2C151-3510-4B48-89D3-3A7CADD8B804}.AppStore|iPhone.ActiveCfg = Release|Any CPU
		{9BE2C151-3510-4B48-89D3-3A7CADD8B804}.AppStore|iPhone.Build.0 = Release|Any CPU
		{9BE2C151-3510-4B48-89D3-3A7CADD8B804}.AppStore|iPhoneSimulator.ActiveCfg = Release|Any CPU
		{9BE2C151-3510-4B48-89D3-3A7CADD8B804}.AppStore|iPhoneSimulator.Build.0 = Release|Any CPU
		{9BE2C151-3510-4B48-89D3-3A7CADD8B804}.Debug|Any CPU.ActiveCfg = Debug|Any CPU
		{9BE2C151-3510-4B48-89D3-3A7CADD8B804}.Debug|Any CPU.Build.0 = Debug|Any CPU
		{9BE2C151-3510-4B48-89D3-3A7CADD8B804}.Debug|iPhone.ActiveCfg = Debug|Any CPU
		{9BE2C151-3510-4B48-89D3-3A7CADD8B804}.Debug|iPhone.Build.0 = Debug|Any CPU
		{9BE2C151-3510-4B48-89D3-3A7CADD8B804}.Debug|iPhoneSimulator.ActiveCfg = Debug|Any CPU
		{9BE2C151-3510-4B48-89D3-3A7CADD8B804}.Debug|iPhoneSimulator.Build.0 = Debug|Any CPU
		{9BE2C151-3510-4B48-89D3-3A7CADD8B804}.Release|Any CPU.ActiveCfg = Release|Any CPU
		{9BE2C151-3510-4B48-89D3-3A7CADD8B804}.Release|Any CPU.Build.0 = Release|Any CPU
		{9BE2C151-3510-4B48-89D3-3A7CADD8B804}.Release|iPhone.ActiveCfg = Release|Any CPU
		{9BE2C151-3510-4B48-89D3-3A7CADD8B804}.Release|iPhone.Build.0 = Release|Any CPU
		{9BE2C151-3510-4B48-89D3-3A7CADD8B804}.Release|iPhoneSimulator.ActiveCfg = Release|Any CPU
		{9BE2C151-3510-4B48-89D3-3A7CADD8B804}.Release|iPhoneSimulator.Build.0 = Release|Any CPU
		{8DD64822-57A3-4FE9-9BFB-45B35AEB6164}.Ad-Hoc|Any CPU.ActiveCfg = Release|Any CPU
		{8DD64822-57A3-4FE9-9BFB-45B35AEB6164}.Ad-Hoc|Any CPU.Build.0 = Release|Any CPU
		{8DD64822-57A3-4FE9-9BFB-45B35AEB6164}.Ad-Hoc|iPhone.ActiveCfg = Release|Any CPU
		{8DD64822-57A3-4FE9-9BFB-45B35AEB6164}.Ad-Hoc|iPhone.Build.0 = Release|Any CPU
		{8DD64822-57A3-4FE9-9BFB-45B35AEB6164}.Ad-Hoc|iPhoneSimulator.ActiveCfg = Release|Any CPU
		{8DD64822-57A3-4FE9-9BFB-45B35AEB6164}.Ad-Hoc|iPhoneSimulator.Build.0 = Release|Any CPU
		{8DD64822-57A3-4FE9-9BFB-45B35AEB6164}.AppStore|Any CPU.ActiveCfg = Release|Any CPU
		{8DD64822-57A3-4FE9-9BFB-45B35AEB6164}.AppStore|Any CPU.Build.0 = Release|Any CPU
		{8DD64822-57A3-4FE9-9BFB-45B35AEB6164}.AppStore|iPhone.ActiveCfg = Release|Any CPU
		{8DD64822-57A3-4FE9-9BFB-45B35AEB6164}.AppStore|iPhone.Build.0 = Release|Any CPU
		{8DD64822-57A3-4FE9-9BFB-45B35AEB6164}.AppStore|iPhoneSimulator.ActiveCfg = Release|Any CPU
		{8DD64822-57A3-4FE9-9BFB-45B35AEB6164}.AppStore|iPhoneSimulator.Build.0 = Release|Any CPU
		{8DD64822-57A3-4FE9-9BFB-45B35AEB6164}.Debug|Any CPU.ActiveCfg = Debug|Any CPU
		{8DD64822-57A3-4FE9-9BFB-45B35AEB6164}.Debug|Any CPU.Build.0 = Debug|Any CPU
		{8DD64822-57A3-4FE9-9BFB-45B35AEB6164}.Debug|iPhone.ActiveCfg = Debug|Any CPU
		{8DD64822-57A3-4FE9-9BFB-45B35AEB6164}.Debug|iPhone.Build.0 = Debug|Any CPU
		{8DD64822-57A3-4FE9-9BFB-45B35AEB6164}.Debug|iPhoneSimulator.ActiveCfg = Debug|Any CPU
		{8DD64822-57A3-4FE9-9BFB-45B35AEB6164}.Debug|iPhoneSimulator.Build.0 = Debug|Any CPU
		{8DD64822-57A3-4FE9-9BFB-45B35AEB6164}.Release|Any CPU.ActiveCfg = Release|Any CPU
		{8DD64822-57A3-4FE9-9BFB-45B35AEB6164}.Release|Any CPU.Build.0 = Release|Any CPU
		{8DD64822-57A3-4FE9-9BFB-45B35AEB6164}.Release|iPhone.ActiveCfg = Release|Any CPU
		{8DD64822-57A3-4FE9-9BFB-45B35AEB6164}.Release|iPhone.Build.0 = Release|Any CPU
		{8DD64822-57A3-4FE9-9BFB-45B35AEB6164}.Release|iPhoneSimulator.ActiveCfg = Release|Any CPU
		{8DD64822-57A3-4FE9-9BFB-45B35AEB6164}.Release|iPhoneSimulator.Build.0 = Release|Any CPU
		{DC12F793-3335-4054-874B-B52B8AE693B6}.Ad-Hoc|Any CPU.ActiveCfg = Release|Any CPU
		{DC12F793-3335-4054-874B-B52B8AE693B6}.Ad-Hoc|Any CPU.Build.0 = Release|Any CPU
		{DC12F793-3335-4054-874B-B52B8AE693B6}.Ad-Hoc|iPhone.ActiveCfg = Release|Any CPU
		{DC12F793-3335-4054-874B-B52B8AE693B6}.Ad-Hoc|iPhone.Build.0 = Release|Any CPU
		{DC12F793-3335-4054-874B-B52B8AE693B6}.Ad-Hoc|iPhoneSimulator.ActiveCfg = Release|Any CPU
		{DC12F793-3335-4054-874B-B52B8AE693B6}.Ad-Hoc|iPhoneSimulator.Build.0 = Release|Any CPU
		{DC12F793-3335-4054-874B-B52B8AE693B6}.AppStore|Any CPU.ActiveCfg = Release|Any CPU
		{DC12F793-3335-4054-874B-B52B8AE693B6}.AppStore|Any CPU.Build.0 = Release|Any CPU
		{DC12F793-3335-4054-874B-B52B8AE693B6}.AppStore|iPhone.ActiveCfg = Release|Any CPU
		{DC12F793-3335-4054-874B-B52B8AE693B6}.AppStore|iPhone.Build.0 = Release|Any CPU
		{DC12F793-3335-4054-874B-B52B8AE693B6}.AppStore|iPhoneSimulator.ActiveCfg = Release|Any CPU
		{DC12F793-3335-4054-874B-B52B8AE693B6}.AppStore|iPhoneSimulator.Build.0 = Release|Any CPU
		{DC12F793-3335-4054-874B-B52B8AE693B6}.Debug|Any CPU.ActiveCfg = Debug|Any CPU
		{DC12F793-3335-4054-874B-B52B8AE693B6}.Debug|Any CPU.Build.0 = Debug|Any CPU
		{DC12F793-3335-4054-874B-B52B8AE693B6}.Debug|iPhone.ActiveCfg = Debug|Any CPU
		{DC12F793-3335-4054-874B-B52B8AE693B6}.Debug|iPhone.Build.0 = Debug|Any CPU
		{DC12F793-3335-4054-874B-B52B8AE693B6}.Debug|iPhoneSimulator.ActiveCfg = Debug|Any CPU
		{DC12F793-3335-4054-874B-B52B8AE693B6}.Debug|iPhoneSimulator.Build.0 = Debug|Any CPU
		{DC12F793-3335-4054-874B-B52B8AE693B6}.Release|Any CPU.ActiveCfg = Release|Any CPU
		{DC12F793-3335-4054-874B-B52B8AE693B6}.Release|Any CPU.Build.0 = Release|Any CPU
		{DC12F793-3335-4054-874B-B52B8AE693B6}.Release|iPhone.ActiveCfg = Release|Any CPU
		{DC12F793-3335-4054-874B-B52B8AE693B6}.Release|iPhone.Build.0 = Release|Any CPU
		{DC12F793-3335-4054-874B-B52B8AE693B6}.Release|iPhoneSimulator.ActiveCfg = Release|Any CPU
		{DC12F793-3335-4054-874B-B52B8AE693B6}.Release|iPhoneSimulator.Build.0 = Release|Any CPU
		{A508DD52-2CFC-4C47-91DF-396629817429}.Ad-Hoc|Any CPU.ActiveCfg = Debug|Any CPU
		{A508DD52-2CFC-4C47-91DF-396629817429}.Ad-Hoc|Any CPU.Build.0 = Debug|Any CPU
		{A508DD52-2CFC-4C47-91DF-396629817429}.Ad-Hoc|iPhone.ActiveCfg = Debug|Any CPU
		{A508DD52-2CFC-4C47-91DF-396629817429}.Ad-Hoc|iPhone.Build.0 = Debug|Any CPU
		{A508DD52-2CFC-4C47-91DF-396629817429}.Ad-Hoc|iPhoneSimulator.ActiveCfg = Debug|Any CPU
		{A508DD52-2CFC-4C47-91DF-396629817429}.Ad-Hoc|iPhoneSimulator.Build.0 = Debug|Any CPU
		{A508DD52-2CFC-4C47-91DF-396629817429}.AppStore|Any CPU.ActiveCfg = Debug|Any CPU
		{A508DD52-2CFC-4C47-91DF-396629817429}.AppStore|Any CPU.Build.0 = Debug|Any CPU
		{A508DD52-2CFC-4C47-91DF-396629817429}.AppStore|iPhone.ActiveCfg = Debug|Any CPU
		{A508DD52-2CFC-4C47-91DF-396629817429}.AppStore|iPhone.Build.0 = Debug|Any CPU
		{A508DD52-2CFC-4C47-91DF-396629817429}.AppStore|iPhoneSimulator.ActiveCfg = Debug|Any CPU
		{A508DD52-2CFC-4C47-91DF-396629817429}.AppStore|iPhoneSimulator.Build.0 = Debug|Any CPU
		{A508DD52-2CFC-4C47-91DF-396629817429}.Debug|Any CPU.ActiveCfg = Debug|Any CPU
		{A508DD52-2CFC-4C47-91DF-396629817429}.Debug|Any CPU.Build.0 = Debug|Any CPU
		{A508DD52-2CFC-4C47-91DF-396629817429}.Debug|iPhone.ActiveCfg = Debug|Any CPU
		{A508DD52-2CFC-4C47-91DF-396629817429}.Debug|iPhone.Build.0 = Debug|Any CPU
		{A508DD52-2CFC-4C47-91DF-396629817429}.Debug|iPhoneSimulator.ActiveCfg = Debug|Any CPU
		{A508DD52-2CFC-4C47-91DF-396629817429}.Debug|iPhoneSimulator.Build.0 = Debug|Any CPU
		{A508DD52-2CFC-4C47-91DF-396629817429}.Release|Any CPU.ActiveCfg = Release|Any CPU
		{A508DD52-2CFC-4C47-91DF-396629817429}.Release|Any CPU.Build.0 = Release|Any CPU
		{A508DD52-2CFC-4C47-91DF-396629817429}.Release|iPhone.ActiveCfg = Release|Any CPU
		{A508DD52-2CFC-4C47-91DF-396629817429}.Release|iPhone.Build.0 = Release|Any CPU
		{A508DD52-2CFC-4C47-91DF-396629817429}.Release|iPhoneSimulator.ActiveCfg = Release|Any CPU
		{A508DD52-2CFC-4C47-91DF-396629817429}.Release|iPhoneSimulator.Build.0 = Release|Any CPU
		{25EE7CD2-3272-42A3-80DC-C09FF3D0E1EF}.Ad-Hoc|Any CPU.ActiveCfg = Debug|Any CPU
		{25EE7CD2-3272-42A3-80DC-C09FF3D0E1EF}.Ad-Hoc|Any CPU.Build.0 = Debug|Any CPU
		{25EE7CD2-3272-42A3-80DC-C09FF3D0E1EF}.Ad-Hoc|iPhone.ActiveCfg = Debug|Any CPU
		{25EE7CD2-3272-42A3-80DC-C09FF3D0E1EF}.Ad-Hoc|iPhone.Build.0 = Debug|Any CPU
		{25EE7CD2-3272-42A3-80DC-C09FF3D0E1EF}.Ad-Hoc|iPhoneSimulator.ActiveCfg = Debug|Any CPU
		{25EE7CD2-3272-42A3-80DC-C09FF3D0E1EF}.Ad-Hoc|iPhoneSimulator.Build.0 = Debug|Any CPU
		{25EE7CD2-3272-42A3-80DC-C09FF3D0E1EF}.AppStore|Any CPU.ActiveCfg = Debug|Any CPU
		{25EE7CD2-3272-42A3-80DC-C09FF3D0E1EF}.AppStore|Any CPU.Build.0 = Debug|Any CPU
		{25EE7CD2-3272-42A3-80DC-C09FF3D0E1EF}.AppStore|iPhone.ActiveCfg = Debug|Any CPU
		{25EE7CD2-3272-42A3-80DC-C09FF3D0E1EF}.AppStore|iPhone.Build.0 = Debug|Any CPU
		{25EE7CD2-3272-42A3-80DC-C09FF3D0E1EF}.AppStore|iPhoneSimulator.ActiveCfg = Debug|Any CPU
		{25EE7CD2-3272-42A3-80DC-C09FF3D0E1EF}.AppStore|iPhoneSimulator.Build.0 = Debug|Any CPU
		{25EE7CD2-3272-42A3-80DC-C09FF3D0E1EF}.Debug|Any CPU.ActiveCfg = Debug|Any CPU
		{25EE7CD2-3272-42A3-80DC-C09FF3D0E1EF}.Debug|Any CPU.Build.0 = Debug|Any CPU
		{25EE7CD2-3272-42A3-80DC-C09FF3D0E1EF}.Debug|iPhone.ActiveCfg = Debug|Any CPU
		{25EE7CD2-3272-42A3-80DC-C09FF3D0E1EF}.Debug|iPhone.Build.0 = Debug|Any CPU
		{25EE7CD2-3272-42A3-80DC-C09FF3D0E1EF}.Debug|iPhoneSimulator.ActiveCfg = Debug|Any CPU
		{25EE7CD2-3272-42A3-80DC-C09FF3D0E1EF}.Debug|iPhoneSimulator.Build.0 = Debug|Any CPU
		{25EE7CD2-3272-42A3-80DC-C09FF3D0E1EF}.Release|Any CPU.ActiveCfg = Release|Any CPU
		{25EE7CD2-3272-42A3-80DC-C09FF3D0E1EF}.Release|Any CPU.Build.0 = Release|Any CPU
		{25EE7CD2-3272-42A3-80DC-C09FF3D0E1EF}.Release|iPhone.ActiveCfg = Release|Any CPU
		{25EE7CD2-3272-42A3-80DC-C09FF3D0E1EF}.Release|iPhone.Build.0 = Release|Any CPU
		{25EE7CD2-3272-42A3-80DC-C09FF3D0E1EF}.Release|iPhoneSimulator.ActiveCfg = Release|Any CPU
		{25EE7CD2-3272-42A3-80DC-C09FF3D0E1EF}.Release|iPhoneSimulator.Build.0 = Release|Any CPU
		{FCAB31C5-9004-4976-8822-40CDF270BA53}.Ad-Hoc|Any CPU.ActiveCfg = Debug|Any CPU
		{FCAB31C5-9004-4976-8822-40CDF270BA53}.Ad-Hoc|Any CPU.Build.0 = Debug|Any CPU
		{FCAB31C5-9004-4976-8822-40CDF270BA53}.Ad-Hoc|iPhone.ActiveCfg = Debug|Any CPU
		{FCAB31C5-9004-4976-8822-40CDF270BA53}.Ad-Hoc|iPhone.Build.0 = Debug|Any CPU
		{FCAB31C5-9004-4976-8822-40CDF270BA53}.Ad-Hoc|iPhoneSimulator.ActiveCfg = Debug|Any CPU
		{FCAB31C5-9004-4976-8822-40CDF270BA53}.Ad-Hoc|iPhoneSimulator.Build.0 = Debug|Any CPU
		{FCAB31C5-9004-4976-8822-40CDF270BA53}.AppStore|Any CPU.ActiveCfg = Debug|Any CPU
		{FCAB31C5-9004-4976-8822-40CDF270BA53}.AppStore|Any CPU.Build.0 = Debug|Any CPU
		{FCAB31C5-9004-4976-8822-40CDF270BA53}.AppStore|iPhone.ActiveCfg = Debug|Any CPU
		{FCAB31C5-9004-4976-8822-40CDF270BA53}.AppStore|iPhone.Build.0 = Debug|Any CPU
		{FCAB31C5-9004-4976-8822-40CDF270BA53}.AppStore|iPhoneSimulator.ActiveCfg = Debug|Any CPU
		{FCAB31C5-9004-4976-8822-40CDF270BA53}.AppStore|iPhoneSimulator.Build.0 = Debug|Any CPU
		{FCAB31C5-9004-4976-8822-40CDF270BA53}.Debug|Any CPU.ActiveCfg = Debug|Any CPU
		{FCAB31C5-9004-4976-8822-40CDF270BA53}.Debug|Any CPU.Build.0 = Debug|Any CPU
		{FCAB31C5-9004-4976-8822-40CDF270BA53}.Debug|iPhone.ActiveCfg = Debug|Any CPU
		{FCAB31C5-9004-4976-8822-40CDF270BA53}.Debug|iPhone.Build.0 = Debug|Any CPU
		{FCAB31C5-9004-4976-8822-40CDF270BA53}.Debug|iPhoneSimulator.ActiveCfg = Debug|Any CPU
		{FCAB31C5-9004-4976-8822-40CDF270BA53}.Debug|iPhoneSimulator.Build.0 = Debug|Any CPU
		{FCAB31C5-9004-4976-8822-40CDF270BA53}.Release|Any CPU.ActiveCfg = Release|Any CPU
		{FCAB31C5-9004-4976-8822-40CDF270BA53}.Release|Any CPU.Build.0 = Release|Any CPU
		{FCAB31C5-9004-4976-8822-40CDF270BA53}.Release|iPhone.ActiveCfg = Release|Any CPU
		{FCAB31C5-9004-4976-8822-40CDF270BA53}.Release|iPhone.Build.0 = Release|Any CPU
		{FCAB31C5-9004-4976-8822-40CDF270BA53}.Release|iPhoneSimulator.ActiveCfg = Release|Any CPU
		{FCAB31C5-9004-4976-8822-40CDF270BA53}.Release|iPhoneSimulator.Build.0 = Release|Any CPU
		{41F62F01-21F0-4EE6-8C9F-E437E5C79E01}.Ad-Hoc|Any CPU.ActiveCfg = Debug|Any CPU
		{41F62F01-21F0-4EE6-8C9F-E437E5C79E01}.Ad-Hoc|Any CPU.Build.0 = Debug|Any CPU
		{41F62F01-21F0-4EE6-8C9F-E437E5C79E01}.Ad-Hoc|iPhone.ActiveCfg = Debug|Any CPU
		{41F62F01-21F0-4EE6-8C9F-E437E5C79E01}.Ad-Hoc|iPhone.Build.0 = Debug|Any CPU
		{41F62F01-21F0-4EE6-8C9F-E437E5C79E01}.Ad-Hoc|iPhoneSimulator.ActiveCfg = Debug|Any CPU
		{41F62F01-21F0-4EE6-8C9F-E437E5C79E01}.Ad-Hoc|iPhoneSimulator.Build.0 = Debug|Any CPU
		{41F62F01-21F0-4EE6-8C9F-E437E5C79E01}.AppStore|Any CPU.ActiveCfg = Debug|Any CPU
		{41F62F01-21F0-4EE6-8C9F-E437E5C79E01}.AppStore|Any CPU.Build.0 = Debug|Any CPU
		{41F62F01-21F0-4EE6-8C9F-E437E5C79E01}.AppStore|iPhone.ActiveCfg = Debug|Any CPU
		{41F62F01-21F0-4EE6-8C9F-E437E5C79E01}.AppStore|iPhone.Build.0 = Debug|Any CPU
		{41F62F01-21F0-4EE6-8C9F-E437E5C79E01}.AppStore|iPhoneSimulator.ActiveCfg = Debug|Any CPU
		{41F62F01-21F0-4EE6-8C9F-E437E5C79E01}.AppStore|iPhoneSimulator.Build.0 = Debug|Any CPU
		{41F62F01-21F0-4EE6-8C9F-E437E5C79E01}.Debug|Any CPU.ActiveCfg = Debug|Any CPU
		{41F62F01-21F0-4EE6-8C9F-E437E5C79E01}.Debug|Any CPU.Build.0 = Debug|Any CPU
		{41F62F01-21F0-4EE6-8C9F-E437E5C79E01}.Debug|iPhone.ActiveCfg = Debug|Any CPU
		{41F62F01-21F0-4EE6-8C9F-E437E5C79E01}.Debug|iPhone.Build.0 = Debug|Any CPU
		{41F62F01-21F0-4EE6-8C9F-E437E5C79E01}.Debug|iPhoneSimulator.ActiveCfg = Debug|Any CPU
		{41F62F01-21F0-4EE6-8C9F-E437E5C79E01}.Debug|iPhoneSimulator.Build.0 = Debug|Any CPU
		{41F62F01-21F0-4EE6-8C9F-E437E5C79E01}.Release|Any CPU.ActiveCfg = Release|Any CPU
		{41F62F01-21F0-4EE6-8C9F-E437E5C79E01}.Release|Any CPU.Build.0 = Release|Any CPU
		{41F62F01-21F0-4EE6-8C9F-E437E5C79E01}.Release|iPhone.ActiveCfg = Release|Any CPU
		{41F62F01-21F0-4EE6-8C9F-E437E5C79E01}.Release|iPhone.Build.0 = Release|Any CPU
		{41F62F01-21F0-4EE6-8C9F-E437E5C79E01}.Release|iPhoneSimulator.ActiveCfg = Release|Any CPU
		{41F62F01-21F0-4EE6-8C9F-E437E5C79E01}.Release|iPhoneSimulator.Build.0 = Release|Any CPU
		{FE067F72-2DB3-420B-8445-87118F0A298A}.Ad-Hoc|Any CPU.ActiveCfg = Debug|Any CPU
		{FE067F72-2DB3-420B-8445-87118F0A298A}.Ad-Hoc|Any CPU.Build.0 = Debug|Any CPU
		{FE067F72-2DB3-420B-8445-87118F0A298A}.Ad-Hoc|iPhone.ActiveCfg = Debug|Any CPU
		{FE067F72-2DB3-420B-8445-87118F0A298A}.Ad-Hoc|iPhone.Build.0 = Debug|Any CPU
		{FE067F72-2DB3-420B-8445-87118F0A298A}.Ad-Hoc|iPhoneSimulator.ActiveCfg = Debug|Any CPU
		{FE067F72-2DB3-420B-8445-87118F0A298A}.Ad-Hoc|iPhoneSimulator.Build.0 = Debug|Any CPU
		{FE067F72-2DB3-420B-8445-87118F0A298A}.AppStore|Any CPU.ActiveCfg = Debug|Any CPU
		{FE067F72-2DB3-420B-8445-87118F0A298A}.AppStore|Any CPU.Build.0 = Debug|Any CPU
		{FE067F72-2DB3-420B-8445-87118F0A298A}.AppStore|iPhone.ActiveCfg = Debug|Any CPU
		{FE067F72-2DB3-420B-8445-87118F0A298A}.AppStore|iPhone.Build.0 = Debug|Any CPU
		{FE067F72-2DB3-420B-8445-87118F0A298A}.AppStore|iPhoneSimulator.ActiveCfg = Debug|Any CPU
		{FE067F72-2DB3-420B-8445-87118F0A298A}.AppStore|iPhoneSimulator.Build.0 = Debug|Any CPU
		{FE067F72-2DB3-420B-8445-87118F0A298A}.Debug|Any CPU.ActiveCfg = Debug|Any CPU
		{FE067F72-2DB3-420B-8445-87118F0A298A}.Debug|Any CPU.Build.0 = Debug|Any CPU
		{FE067F72-2DB3-420B-8445-87118F0A298A}.Debug|iPhone.ActiveCfg = Debug|Any CPU
		{FE067F72-2DB3-420B-8445-87118F0A298A}.Debug|iPhone.Build.0 = Debug|Any CPU
		{FE067F72-2DB3-420B-8445-87118F0A298A}.Debug|iPhoneSimulator.ActiveCfg = Debug|Any CPU
		{FE067F72-2DB3-420B-8445-87118F0A298A}.Debug|iPhoneSimulator.Build.0 = Debug|Any CPU
		{FE067F72-2DB3-420B-8445-87118F0A298A}.Release|Any CPU.ActiveCfg = Release|Any CPU
		{FE067F72-2DB3-420B-8445-87118F0A298A}.Release|Any CPU.Build.0 = Release|Any CPU
		{FE067F72-2DB3-420B-8445-87118F0A298A}.Release|iPhone.ActiveCfg = Release|Any CPU
		{FE067F72-2DB3-420B-8445-87118F0A298A}.Release|iPhone.Build.0 = Release|Any CPU
		{FE067F72-2DB3-420B-8445-87118F0A298A}.Release|iPhoneSimulator.ActiveCfg = Release|Any CPU
		{FE067F72-2DB3-420B-8445-87118F0A298A}.Release|iPhoneSimulator.Build.0 = Release|Any CPU
		{CA1A9868-C0DB-4638-87DC-5BC10CFB6588}.Ad-Hoc|Any CPU.ActiveCfg = Debug|Any CPU
		{CA1A9868-C0DB-4638-87DC-5BC10CFB6588}.Ad-Hoc|Any CPU.Build.0 = Debug|Any CPU
		{CA1A9868-C0DB-4638-87DC-5BC10CFB6588}.Ad-Hoc|iPhone.ActiveCfg = Debug|Any CPU
		{CA1A9868-C0DB-4638-87DC-5BC10CFB6588}.Ad-Hoc|iPhone.Build.0 = Debug|Any CPU
		{CA1A9868-C0DB-4638-87DC-5BC10CFB6588}.Ad-Hoc|iPhoneSimulator.ActiveCfg = Debug|Any CPU
		{CA1A9868-C0DB-4638-87DC-5BC10CFB6588}.Ad-Hoc|iPhoneSimulator.Build.0 = Debug|Any CPU
		{CA1A9868-C0DB-4638-87DC-5BC10CFB6588}.AppStore|Any CPU.ActiveCfg = Debug|Any CPU
		{CA1A9868-C0DB-4638-87DC-5BC10CFB6588}.AppStore|Any CPU.Build.0 = Debug|Any CPU
		{CA1A9868-C0DB-4638-87DC-5BC10CFB6588}.AppStore|iPhone.ActiveCfg = Debug|Any CPU
		{CA1A9868-C0DB-4638-87DC-5BC10CFB6588}.AppStore|iPhone.Build.0 = Debug|Any CPU
		{CA1A9868-C0DB-4638-87DC-5BC10CFB6588}.AppStore|iPhoneSimulator.ActiveCfg = Debug|Any CPU
		{CA1A9868-C0DB-4638-87DC-5BC10CFB6588}.AppStore|iPhoneSimulator.Build.0 = Debug|Any CPU
		{CA1A9868-C0DB-4638-87DC-5BC10CFB6588}.Debug|Any CPU.ActiveCfg = Debug|Any CPU
		{CA1A9868-C0DB-4638-87DC-5BC10CFB6588}.Debug|Any CPU.Build.0 = Debug|Any CPU
		{CA1A9868-C0DB-4638-87DC-5BC10CFB6588}.Debug|iPhone.ActiveCfg = Debug|Any CPU
		{CA1A9868-C0DB-4638-87DC-5BC10CFB6588}.Debug|iPhone.Build.0 = Debug|Any CPU
		{CA1A9868-C0DB-4638-87DC-5BC10CFB6588}.Debug|iPhoneSimulator.ActiveCfg = Debug|Any CPU
		{CA1A9868-C0DB-4638-87DC-5BC10CFB6588}.Debug|iPhoneSimulator.Build.0 = Debug|Any CPU
		{CA1A9868-C0DB-4638-87DC-5BC10CFB6588}.Release|Any CPU.ActiveCfg = Release|Any CPU
		{CA1A9868-C0DB-4638-87DC-5BC10CFB6588}.Release|Any CPU.Build.0 = Release|Any CPU
		{CA1A9868-C0DB-4638-87DC-5BC10CFB6588}.Release|iPhone.ActiveCfg = Release|Any CPU
		{CA1A9868-C0DB-4638-87DC-5BC10CFB6588}.Release|iPhone.Build.0 = Release|Any CPU
		{CA1A9868-C0DB-4638-87DC-5BC10CFB6588}.Release|iPhoneSimulator.ActiveCfg = Release|Any CPU
		{CA1A9868-C0DB-4638-87DC-5BC10CFB6588}.Release|iPhoneSimulator.Build.0 = Release|Any CPU
		{D158E046-BC30-4726-9F11-7A8FE09A0701}.Ad-Hoc|Any CPU.ActiveCfg = Release|Any CPU
		{D158E046-BC30-4726-9F11-7A8FE09A0701}.Ad-Hoc|Any CPU.Build.0 = Release|Any CPU
		{D158E046-BC30-4726-9F11-7A8FE09A0701}.Ad-Hoc|iPhone.ActiveCfg = Release|Any CPU
		{D158E046-BC30-4726-9F11-7A8FE09A0701}.Ad-Hoc|iPhone.Build.0 = Release|Any CPU
		{D158E046-BC30-4726-9F11-7A8FE09A0701}.Ad-Hoc|iPhoneSimulator.ActiveCfg = Release|Any CPU
		{D158E046-BC30-4726-9F11-7A8FE09A0701}.Ad-Hoc|iPhoneSimulator.Build.0 = Release|Any CPU
		{D158E046-BC30-4726-9F11-7A8FE09A0701}.AppStore|Any CPU.ActiveCfg = Release|Any CPU
		{D158E046-BC30-4726-9F11-7A8FE09A0701}.AppStore|Any CPU.Build.0 = Release|Any CPU
		{D158E046-BC30-4726-9F11-7A8FE09A0701}.AppStore|iPhone.ActiveCfg = Release|Any CPU
		{D158E046-BC30-4726-9F11-7A8FE09A0701}.AppStore|iPhone.Build.0 = Release|Any CPU
		{D158E046-BC30-4726-9F11-7A8FE09A0701}.AppStore|iPhoneSimulator.ActiveCfg = Release|Any CPU
		{D158E046-BC30-4726-9F11-7A8FE09A0701}.AppStore|iPhoneSimulator.Build.0 = Release|Any CPU
		{D158E046-BC30-4726-9F11-7A8FE09A0701}.Debug|Any CPU.ActiveCfg = Debug|Any CPU
		{D158E046-BC30-4726-9F11-7A8FE09A0701}.Debug|Any CPU.Build.0 = Debug|Any CPU
		{D158E046-BC30-4726-9F11-7A8FE09A0701}.Debug|iPhone.ActiveCfg = Debug|Any CPU
		{D158E046-BC30-4726-9F11-7A8FE09A0701}.Debug|iPhone.Build.0 = Debug|Any CPU
		{D158E046-BC30-4726-9F11-7A8FE09A0701}.Debug|iPhoneSimulator.ActiveCfg = Debug|Any CPU
		{D158E046-BC30-4726-9F11-7A8FE09A0701}.Debug|iPhoneSimulator.Build.0 = Debug|Any CPU
		{D158E046-BC30-4726-9F11-7A8FE09A0701}.Release|Any CPU.ActiveCfg = Release|Any CPU
		{D158E046-BC30-4726-9F11-7A8FE09A0701}.Release|Any CPU.Build.0 = Release|Any CPU
		{D158E046-BC30-4726-9F11-7A8FE09A0701}.Release|iPhone.ActiveCfg = Release|Any CPU
		{D158E046-BC30-4726-9F11-7A8FE09A0701}.Release|iPhone.Build.0 = Release|Any CPU
		{D158E046-BC30-4726-9F11-7A8FE09A0701}.Release|iPhoneSimulator.ActiveCfg = Release|Any CPU
		{D158E046-BC30-4726-9F11-7A8FE09A0701}.Release|iPhoneSimulator.Build.0 = Release|Any CPU
		{9C1AD7CA-B144-4513-B8AB-AB9EF991E122}.Ad-Hoc|Any CPU.ActiveCfg = Release|Any CPU
		{9C1AD7CA-B144-4513-B8AB-AB9EF991E122}.Ad-Hoc|Any CPU.Build.0 = Release|Any CPU
		{9C1AD7CA-B144-4513-B8AB-AB9EF991E122}.Ad-Hoc|iPhone.ActiveCfg = Release|Any CPU
		{9C1AD7CA-B144-4513-B8AB-AB9EF991E122}.Ad-Hoc|iPhone.Build.0 = Release|Any CPU
		{9C1AD7CA-B144-4513-B8AB-AB9EF991E122}.Ad-Hoc|iPhoneSimulator.ActiveCfg = Release|Any CPU
		{9C1AD7CA-B144-4513-B8AB-AB9EF991E122}.Ad-Hoc|iPhoneSimulator.Build.0 = Release|Any CPU
		{9C1AD7CA-B144-4513-B8AB-AB9EF991E122}.AppStore|Any CPU.ActiveCfg = Release|Any CPU
		{9C1AD7CA-B144-4513-B8AB-AB9EF991E122}.AppStore|Any CPU.Build.0 = Release|Any CPU
		{9C1AD7CA-B144-4513-B8AB-AB9EF991E122}.AppStore|iPhone.ActiveCfg = Release|Any CPU
		{9C1AD7CA-B144-4513-B8AB-AB9EF991E122}.AppStore|iPhone.Build.0 = Release|Any CPU
		{9C1AD7CA-B144-4513-B8AB-AB9EF991E122}.AppStore|iPhoneSimulator.ActiveCfg = Release|Any CPU
		{9C1AD7CA-B144-4513-B8AB-AB9EF991E122}.AppStore|iPhoneSimulator.Build.0 = Release|Any CPU
		{9C1AD7CA-B144-4513-B8AB-AB9EF991E122}.Debug|Any CPU.ActiveCfg = Debug|Any CPU
		{9C1AD7CA-B144-4513-B8AB-AB9EF991E122}.Debug|Any CPU.Build.0 = Debug|Any CPU
		{9C1AD7CA-B144-4513-B8AB-AB9EF991E122}.Debug|iPhone.ActiveCfg = Debug|Any CPU
		{9C1AD7CA-B144-4513-B8AB-AB9EF991E122}.Debug|iPhone.Build.0 = Debug|Any CPU
		{9C1AD7CA-B144-4513-B8AB-AB9EF991E122}.Debug|iPhoneSimulator.ActiveCfg = Debug|Any CPU
		{9C1AD7CA-B144-4513-B8AB-AB9EF991E122}.Debug|iPhoneSimulator.Build.0 = Debug|Any CPU
		{9C1AD7CA-B144-4513-B8AB-AB9EF991E122}.Release|Any CPU.ActiveCfg = Release|Any CPU
		{9C1AD7CA-B144-4513-B8AB-AB9EF991E122}.Release|Any CPU.Build.0 = Release|Any CPU
		{9C1AD7CA-B144-4513-B8AB-AB9EF991E122}.Release|iPhone.ActiveCfg = Release|Any CPU
		{9C1AD7CA-B144-4513-B8AB-AB9EF991E122}.Release|iPhone.Build.0 = Release|Any CPU
		{9C1AD7CA-B144-4513-B8AB-AB9EF991E122}.Release|iPhoneSimulator.ActiveCfg = Release|Any CPU
		{9C1AD7CA-B144-4513-B8AB-AB9EF991E122}.Release|iPhoneSimulator.Build.0 = Release|Any CPU
		{3026D642-D72C-4477-8A23-99D7F0FCAA6F}.Ad-Hoc|Any CPU.ActiveCfg = Debug|Any CPU
		{3026D642-D72C-4477-8A23-99D7F0FCAA6F}.Ad-Hoc|Any CPU.Build.0 = Debug|Any CPU
		{3026D642-D72C-4477-8A23-99D7F0FCAA6F}.Ad-Hoc|iPhone.ActiveCfg = Debug|Any CPU
		{3026D642-D72C-4477-8A23-99D7F0FCAA6F}.Ad-Hoc|iPhone.Build.0 = Debug|Any CPU
		{3026D642-D72C-4477-8A23-99D7F0FCAA6F}.Ad-Hoc|iPhoneSimulator.ActiveCfg = Debug|Any CPU
		{3026D642-D72C-4477-8A23-99D7F0FCAA6F}.Ad-Hoc|iPhoneSimulator.Build.0 = Debug|Any CPU
		{3026D642-D72C-4477-8A23-99D7F0FCAA6F}.AppStore|Any CPU.ActiveCfg = Debug|Any CPU
		{3026D642-D72C-4477-8A23-99D7F0FCAA6F}.AppStore|Any CPU.Build.0 = Debug|Any CPU
		{3026D642-D72C-4477-8A23-99D7F0FCAA6F}.AppStore|iPhone.ActiveCfg = Debug|Any CPU
		{3026D642-D72C-4477-8A23-99D7F0FCAA6F}.AppStore|iPhone.Build.0 = Debug|Any CPU
		{3026D642-D72C-4477-8A23-99D7F0FCAA6F}.AppStore|iPhoneSimulator.ActiveCfg = Debug|Any CPU
		{3026D642-D72C-4477-8A23-99D7F0FCAA6F}.AppStore|iPhoneSimulator.Build.0 = Debug|Any CPU
		{3026D642-D72C-4477-8A23-99D7F0FCAA6F}.Debug|Any CPU.ActiveCfg = Debug|Any CPU
		{3026D642-D72C-4477-8A23-99D7F0FCAA6F}.Debug|Any CPU.Build.0 = Debug|Any CPU
		{3026D642-D72C-4477-8A23-99D7F0FCAA6F}.Debug|iPhone.ActiveCfg = Debug|Any CPU
		{3026D642-D72C-4477-8A23-99D7F0FCAA6F}.Debug|iPhone.Build.0 = Debug|Any CPU
		{3026D642-D72C-4477-8A23-99D7F0FCAA6F}.Debug|iPhoneSimulator.ActiveCfg = Debug|Any CPU
		{3026D642-D72C-4477-8A23-99D7F0FCAA6F}.Debug|iPhoneSimulator.Build.0 = Debug|Any CPU
		{3026D642-D72C-4477-8A23-99D7F0FCAA6F}.Release|Any CPU.ActiveCfg = Release|Any CPU
		{3026D642-D72C-4477-8A23-99D7F0FCAA6F}.Release|Any CPU.Build.0 = Release|Any CPU
		{3026D642-D72C-4477-8A23-99D7F0FCAA6F}.Release|iPhone.ActiveCfg = Release|Any CPU
		{3026D642-D72C-4477-8A23-99D7F0FCAA6F}.Release|iPhone.Build.0 = Release|Any CPU
		{3026D642-D72C-4477-8A23-99D7F0FCAA6F}.Release|iPhoneSimulator.ActiveCfg = Release|Any CPU
		{3026D642-D72C-4477-8A23-99D7F0FCAA6F}.Release|iPhoneSimulator.Build.0 = Release|Any CPU
		{D19DAA47-6696-40F4-8D7C-591A16D3991E}.Ad-Hoc|Any CPU.ActiveCfg = Release|Any CPU
		{D19DAA47-6696-40F4-8D7C-591A16D3991E}.Ad-Hoc|Any CPU.Build.0 = Release|Any CPU
		{D19DAA47-6696-40F4-8D7C-591A16D3991E}.Ad-Hoc|iPhone.ActiveCfg = Release|Any CPU
		{D19DAA47-6696-40F4-8D7C-591A16D3991E}.Ad-Hoc|iPhone.Build.0 = Release|Any CPU
		{D19DAA47-6696-40F4-8D7C-591A16D3991E}.Ad-Hoc|iPhoneSimulator.ActiveCfg = Release|Any CPU
		{D19DAA47-6696-40F4-8D7C-591A16D3991E}.Ad-Hoc|iPhoneSimulator.Build.0 = Release|Any CPU
		{D19DAA47-6696-40F4-8D7C-591A16D3991E}.AppStore|Any CPU.ActiveCfg = Release|Any CPU
		{D19DAA47-6696-40F4-8D7C-591A16D3991E}.AppStore|Any CPU.Build.0 = Release|Any CPU
		{D19DAA47-6696-40F4-8D7C-591A16D3991E}.AppStore|iPhone.ActiveCfg = Release|Any CPU
		{D19DAA47-6696-40F4-8D7C-591A16D3991E}.AppStore|iPhone.Build.0 = Release|Any CPU
		{D19DAA47-6696-40F4-8D7C-591A16D3991E}.AppStore|iPhoneSimulator.ActiveCfg = Release|Any CPU
		{D19DAA47-6696-40F4-8D7C-591A16D3991E}.AppStore|iPhoneSimulator.Build.0 = Release|Any CPU
		{D19DAA47-6696-40F4-8D7C-591A16D3991E}.Debug|Any CPU.ActiveCfg = Debug|Any CPU
		{D19DAA47-6696-40F4-8D7C-591A16D3991E}.Debug|Any CPU.Build.0 = Debug|Any CPU
		{D19DAA47-6696-40F4-8D7C-591A16D3991E}.Debug|iPhone.ActiveCfg = Debug|Any CPU
		{D19DAA47-6696-40F4-8D7C-591A16D3991E}.Debug|iPhone.Build.0 = Debug|Any CPU
		{D19DAA47-6696-40F4-8D7C-591A16D3991E}.Debug|iPhoneSimulator.ActiveCfg = Debug|Any CPU
		{D19DAA47-6696-40F4-8D7C-591A16D3991E}.Debug|iPhoneSimulator.Build.0 = Debug|Any CPU
		{D19DAA47-6696-40F4-8D7C-591A16D3991E}.Release|Any CPU.ActiveCfg = Release|Any CPU
		{D19DAA47-6696-40F4-8D7C-591A16D3991E}.Release|Any CPU.Build.0 = Release|Any CPU
		{D19DAA47-6696-40F4-8D7C-591A16D3991E}.Release|iPhone.ActiveCfg = Release|Any CPU
		{D19DAA47-6696-40F4-8D7C-591A16D3991E}.Release|iPhone.Build.0 = Release|Any CPU
		{D19DAA47-6696-40F4-8D7C-591A16D3991E}.Release|iPhoneSimulator.ActiveCfg = Release|Any CPU
		{D19DAA47-6696-40F4-8D7C-591A16D3991E}.Release|iPhoneSimulator.Build.0 = Release|Any CPU
		{444C4EA5-608F-4C9E-82D3-6750C846F0E7}.Ad-Hoc|Any CPU.ActiveCfg = Release|Any CPU
		{444C4EA5-608F-4C9E-82D3-6750C846F0E7}.Ad-Hoc|Any CPU.Build.0 = Release|Any CPU
		{444C4EA5-608F-4C9E-82D3-6750C846F0E7}.Ad-Hoc|iPhone.ActiveCfg = Release|Any CPU
		{444C4EA5-608F-4C9E-82D3-6750C846F0E7}.Ad-Hoc|iPhone.Build.0 = Release|Any CPU
		{444C4EA5-608F-4C9E-82D3-6750C846F0E7}.Ad-Hoc|iPhoneSimulator.ActiveCfg = Release|Any CPU
		{444C4EA5-608F-4C9E-82D3-6750C846F0E7}.Ad-Hoc|iPhoneSimulator.Build.0 = Release|Any CPU
		{444C4EA5-608F-4C9E-82D3-6750C846F0E7}.AppStore|Any CPU.ActiveCfg = Release|Any CPU
		{444C4EA5-608F-4C9E-82D3-6750C846F0E7}.AppStore|Any CPU.Build.0 = Release|Any CPU
		{444C4EA5-608F-4C9E-82D3-6750C846F0E7}.AppStore|iPhone.ActiveCfg = Release|Any CPU
		{444C4EA5-608F-4C9E-82D3-6750C846F0E7}.AppStore|iPhone.Build.0 = Release|Any CPU
		{444C4EA5-608F-4C9E-82D3-6750C846F0E7}.AppStore|iPhoneSimulator.ActiveCfg = Release|Any CPU
		{444C4EA5-608F-4C9E-82D3-6750C846F0E7}.AppStore|iPhoneSimulator.Build.0 = Release|Any CPU
		{444C4EA5-608F-4C9E-82D3-6750C846F0E7}.Debug|Any CPU.ActiveCfg = Debug|Any CPU
		{444C4EA5-608F-4C9E-82D3-6750C846F0E7}.Debug|Any CPU.Build.0 = Debug|Any CPU
		{444C4EA5-608F-4C9E-82D3-6750C846F0E7}.Debug|iPhone.ActiveCfg = Debug|Any CPU
		{444C4EA5-608F-4C9E-82D3-6750C846F0E7}.Debug|iPhone.Build.0 = Debug|Any CPU
		{444C4EA5-608F-4C9E-82D3-6750C846F0E7}.Debug|iPhoneSimulator.ActiveCfg = Debug|Any CPU
		{444C4EA5-608F-4C9E-82D3-6750C846F0E7}.Debug|iPhoneSimulator.Build.0 = Debug|Any CPU
		{444C4EA5-608F-4C9E-82D3-6750C846F0E7}.Release|Any CPU.ActiveCfg = Release|Any CPU
		{444C4EA5-608F-4C9E-82D3-6750C846F0E7}.Release|Any CPU.Build.0 = Release|Any CPU
		{444C4EA5-608F-4C9E-82D3-6750C846F0E7}.Release|iPhone.ActiveCfg = Release|Any CPU
		{444C4EA5-608F-4C9E-82D3-6750C846F0E7}.Release|iPhone.Build.0 = Release|Any CPU
		{444C4EA5-608F-4C9E-82D3-6750C846F0E7}.Release|iPhoneSimulator.ActiveCfg = Release|Any CPU
		{444C4EA5-608F-4C9E-82D3-6750C846F0E7}.Release|iPhoneSimulator.Build.0 = Release|Any CPU
		{A437D28C-9E3D-42C7-BE80-96E13BD89859}.Ad-Hoc|Any CPU.ActiveCfg = Debug|Any CPU
		{A437D28C-9E3D-42C7-BE80-96E13BD89859}.Ad-Hoc|Any CPU.Build.0 = Debug|Any CPU
		{A437D28C-9E3D-42C7-BE80-96E13BD89859}.Ad-Hoc|iPhone.ActiveCfg = Debug|Any CPU
		{A437D28C-9E3D-42C7-BE80-96E13BD89859}.Ad-Hoc|iPhone.Build.0 = Debug|Any CPU
		{A437D28C-9E3D-42C7-BE80-96E13BD89859}.Ad-Hoc|iPhoneSimulator.ActiveCfg = Debug|Any CPU
		{A437D28C-9E3D-42C7-BE80-96E13BD89859}.Ad-Hoc|iPhoneSimulator.Build.0 = Debug|Any CPU
		{A437D28C-9E3D-42C7-BE80-96E13BD89859}.AppStore|Any CPU.ActiveCfg = Debug|Any CPU
		{A437D28C-9E3D-42C7-BE80-96E13BD89859}.AppStore|Any CPU.Build.0 = Debug|Any CPU
		{A437D28C-9E3D-42C7-BE80-96E13BD89859}.AppStore|iPhone.ActiveCfg = Debug|Any CPU
		{A437D28C-9E3D-42C7-BE80-96E13BD89859}.AppStore|iPhone.Build.0 = Debug|Any CPU
		{A437D28C-9E3D-42C7-BE80-96E13BD89859}.AppStore|iPhoneSimulator.ActiveCfg = Debug|Any CPU
		{A437D28C-9E3D-42C7-BE80-96E13BD89859}.AppStore|iPhoneSimulator.Build.0 = Debug|Any CPU
		{A437D28C-9E3D-42C7-BE80-96E13BD89859}.Debug|Any CPU.ActiveCfg = Debug|Any CPU
		{A437D28C-9E3D-42C7-BE80-96E13BD89859}.Debug|Any CPU.Build.0 = Debug|Any CPU
		{A437D28C-9E3D-42C7-BE80-96E13BD89859}.Debug|iPhone.ActiveCfg = Debug|Any CPU
		{A437D28C-9E3D-42C7-BE80-96E13BD89859}.Debug|iPhone.Build.0 = Debug|Any CPU
		{A437D28C-9E3D-42C7-BE80-96E13BD89859}.Debug|iPhoneSimulator.ActiveCfg = Debug|Any CPU
		{A437D28C-9E3D-42C7-BE80-96E13BD89859}.Debug|iPhoneSimulator.Build.0 = Debug|Any CPU
		{A437D28C-9E3D-42C7-BE80-96E13BD89859}.Release|Any CPU.ActiveCfg = Release|Any CPU
		{A437D28C-9E3D-42C7-BE80-96E13BD89859}.Release|Any CPU.Build.0 = Release|Any CPU
		{A437D28C-9E3D-42C7-BE80-96E13BD89859}.Release|iPhone.ActiveCfg = Release|Any CPU
		{A437D28C-9E3D-42C7-BE80-96E13BD89859}.Release|iPhone.Build.0 = Release|Any CPU
		{A437D28C-9E3D-42C7-BE80-96E13BD89859}.Release|iPhoneSimulator.ActiveCfg = Release|Any CPU
		{A437D28C-9E3D-42C7-BE80-96E13BD89859}.Release|iPhoneSimulator.Build.0 = Release|Any CPU
		{5187AA08-61CB-4749-81D5-4B78DC81633F}.Ad-Hoc|Any CPU.ActiveCfg = Release|Any CPU
		{5187AA08-61CB-4749-81D5-4B78DC81633F}.Ad-Hoc|Any CPU.Build.0 = Release|Any CPU
		{5187AA08-61CB-4749-81D5-4B78DC81633F}.Ad-Hoc|iPhone.ActiveCfg = Release|Any CPU
		{5187AA08-61CB-4749-81D5-4B78DC81633F}.Ad-Hoc|iPhone.Build.0 = Release|Any CPU
		{5187AA08-61CB-4749-81D5-4B78DC81633F}.Ad-Hoc|iPhoneSimulator.ActiveCfg = Release|Any CPU
		{5187AA08-61CB-4749-81D5-4B78DC81633F}.Ad-Hoc|iPhoneSimulator.Build.0 = Release|Any CPU
		{5187AA08-61CB-4749-81D5-4B78DC81633F}.AppStore|Any CPU.ActiveCfg = Release|Any CPU
		{5187AA08-61CB-4749-81D5-4B78DC81633F}.AppStore|Any CPU.Build.0 = Release|Any CPU
		{5187AA08-61CB-4749-81D5-4B78DC81633F}.AppStore|iPhone.ActiveCfg = Release|Any CPU
		{5187AA08-61CB-4749-81D5-4B78DC81633F}.AppStore|iPhone.Build.0 = Release|Any CPU
		{5187AA08-61CB-4749-81D5-4B78DC81633F}.AppStore|iPhoneSimulator.ActiveCfg = Release|Any CPU
		{5187AA08-61CB-4749-81D5-4B78DC81633F}.AppStore|iPhoneSimulator.Build.0 = Release|Any CPU
		{5187AA08-61CB-4749-81D5-4B78DC81633F}.Debug|Any CPU.ActiveCfg = Debug|Any CPU
		{5187AA08-61CB-4749-81D5-4B78DC81633F}.Debug|Any CPU.Build.0 = Debug|Any CPU
		{5187AA08-61CB-4749-81D5-4B78DC81633F}.Debug|iPhone.ActiveCfg = Debug|Any CPU
		{5187AA08-61CB-4749-81D5-4B78DC81633F}.Debug|iPhone.Build.0 = Debug|Any CPU
		{5187AA08-61CB-4749-81D5-4B78DC81633F}.Debug|iPhoneSimulator.ActiveCfg = Debug|Any CPU
		{5187AA08-61CB-4749-81D5-4B78DC81633F}.Debug|iPhoneSimulator.Build.0 = Debug|Any CPU
		{5187AA08-61CB-4749-81D5-4B78DC81633F}.Release|Any CPU.ActiveCfg = Release|Any CPU
		{5187AA08-61CB-4749-81D5-4B78DC81633F}.Release|Any CPU.Build.0 = Release|Any CPU
		{5187AA08-61CB-4749-81D5-4B78DC81633F}.Release|iPhone.ActiveCfg = Release|Any CPU
		{5187AA08-61CB-4749-81D5-4B78DC81633F}.Release|iPhone.Build.0 = Release|Any CPU
		{5187AA08-61CB-4749-81D5-4B78DC81633F}.Release|iPhoneSimulator.ActiveCfg = Release|Any CPU
		{5187AA08-61CB-4749-81D5-4B78DC81633F}.Release|iPhoneSimulator.Build.0 = Release|Any CPU
		{DC4B2B3E-2BD9-4750-95E1-FAF485D5C394}.Ad-Hoc|Any CPU.ActiveCfg = Release|Any CPU
		{DC4B2B3E-2BD9-4750-95E1-FAF485D5C394}.Ad-Hoc|Any CPU.Build.0 = Release|Any CPU
		{DC4B2B3E-2BD9-4750-95E1-FAF485D5C394}.Ad-Hoc|iPhone.ActiveCfg = Release|Any CPU
		{DC4B2B3E-2BD9-4750-95E1-FAF485D5C394}.Ad-Hoc|iPhone.Build.0 = Release|Any CPU
		{DC4B2B3E-2BD9-4750-95E1-FAF485D5C394}.Ad-Hoc|iPhoneSimulator.ActiveCfg = Release|Any CPU
		{DC4B2B3E-2BD9-4750-95E1-FAF485D5C394}.Ad-Hoc|iPhoneSimulator.Build.0 = Release|Any CPU
		{DC4B2B3E-2BD9-4750-95E1-FAF485D5C394}.AppStore|Any CPU.ActiveCfg = Release|Any CPU
		{DC4B2B3E-2BD9-4750-95E1-FAF485D5C394}.AppStore|Any CPU.Build.0 = Release|Any CPU
		{DC4B2B3E-2BD9-4750-95E1-FAF485D5C394}.AppStore|iPhone.ActiveCfg = Release|Any CPU
		{DC4B2B3E-2BD9-4750-95E1-FAF485D5C394}.AppStore|iPhone.Build.0 = Release|Any CPU
		{DC4B2B3E-2BD9-4750-95E1-FAF485D5C394}.AppStore|iPhoneSimulator.ActiveCfg = Release|Any CPU
		{DC4B2B3E-2BD9-4750-95E1-FAF485D5C394}.AppStore|iPhoneSimulator.Build.0 = Release|Any CPU
		{DC4B2B3E-2BD9-4750-95E1-FAF485D5C394}.Debug|Any CPU.ActiveCfg = Debug|Any CPU
		{DC4B2B3E-2BD9-4750-95E1-FAF485D5C394}.Debug|Any CPU.Build.0 = Debug|Any CPU
		{DC4B2B3E-2BD9-4750-95E1-FAF485D5C394}.Debug|iPhone.ActiveCfg = Debug|Any CPU
		{DC4B2B3E-2BD9-4750-95E1-FAF485D5C394}.Debug|iPhone.Build.0 = Debug|Any CPU
		{DC4B2B3E-2BD9-4750-95E1-FAF485D5C394}.Debug|iPhoneSimulator.ActiveCfg = Debug|Any CPU
		{DC4B2B3E-2BD9-4750-95E1-FAF485D5C394}.Debug|iPhoneSimulator.Build.0 = Debug|Any CPU
		{DC4B2B3E-2BD9-4750-95E1-FAF485D5C394}.Release|Any CPU.ActiveCfg = Release|Any CPU
		{DC4B2B3E-2BD9-4750-95E1-FAF485D5C394}.Release|Any CPU.Build.0 = Release|Any CPU
		{DC4B2B3E-2BD9-4750-95E1-FAF485D5C394}.Release|iPhone.ActiveCfg = Release|Any CPU
		{DC4B2B3E-2BD9-4750-95E1-FAF485D5C394}.Release|iPhone.Build.0 = Release|Any CPU
		{DC4B2B3E-2BD9-4750-95E1-FAF485D5C394}.Release|iPhoneSimulator.ActiveCfg = Release|Any CPU
		{DC4B2B3E-2BD9-4750-95E1-FAF485D5C394}.Release|iPhoneSimulator.Build.0 = Release|Any CPU
		{17BF2A80-F96E-4120-AFBA-70C83D5596A4}.Ad-Hoc|Any CPU.ActiveCfg = Debug|Any CPU
		{17BF2A80-F96E-4120-AFBA-70C83D5596A4}.Ad-Hoc|Any CPU.Build.0 = Debug|Any CPU
		{17BF2A80-F96E-4120-AFBA-70C83D5596A4}.Ad-Hoc|iPhone.ActiveCfg = Debug|Any CPU
		{17BF2A80-F96E-4120-AFBA-70C83D5596A4}.Ad-Hoc|iPhone.Build.0 = Debug|Any CPU
		{17BF2A80-F96E-4120-AFBA-70C83D5596A4}.Ad-Hoc|iPhoneSimulator.ActiveCfg = Debug|Any CPU
		{17BF2A80-F96E-4120-AFBA-70C83D5596A4}.Ad-Hoc|iPhoneSimulator.Build.0 = Debug|Any CPU
		{17BF2A80-F96E-4120-AFBA-70C83D5596A4}.AppStore|Any CPU.ActiveCfg = Debug|Any CPU
		{17BF2A80-F96E-4120-AFBA-70C83D5596A4}.AppStore|Any CPU.Build.0 = Debug|Any CPU
		{17BF2A80-F96E-4120-AFBA-70C83D5596A4}.AppStore|iPhone.ActiveCfg = Debug|Any CPU
		{17BF2A80-F96E-4120-AFBA-70C83D5596A4}.AppStore|iPhone.Build.0 = Debug|Any CPU
		{17BF2A80-F96E-4120-AFBA-70C83D5596A4}.AppStore|iPhoneSimulator.ActiveCfg = Debug|Any CPU
		{17BF2A80-F96E-4120-AFBA-70C83D5596A4}.AppStore|iPhoneSimulator.Build.0 = Debug|Any CPU
		{17BF2A80-F96E-4120-AFBA-70C83D5596A4}.Debug|Any CPU.ActiveCfg = Debug|Any CPU
		{17BF2A80-F96E-4120-AFBA-70C83D5596A4}.Debug|Any CPU.Build.0 = Debug|Any CPU
		{17BF2A80-F96E-4120-AFBA-70C83D5596A4}.Debug|iPhone.ActiveCfg = Debug|Any CPU
		{17BF2A80-F96E-4120-AFBA-70C83D5596A4}.Debug|iPhone.Build.0 = Debug|Any CPU
		{17BF2A80-F96E-4120-AFBA-70C83D5596A4}.Debug|iPhoneSimulator.ActiveCfg = Debug|Any CPU
		{17BF2A80-F96E-4120-AFBA-70C83D5596A4}.Debug|iPhoneSimulator.Build.0 = Debug|Any CPU
		{17BF2A80-F96E-4120-AFBA-70C83D5596A4}.Release|Any CPU.ActiveCfg = Release|Any CPU
		{17BF2A80-F96E-4120-AFBA-70C83D5596A4}.Release|Any CPU.Build.0 = Release|Any CPU
		{17BF2A80-F96E-4120-AFBA-70C83D5596A4}.Release|iPhone.ActiveCfg = Release|Any CPU
		{17BF2A80-F96E-4120-AFBA-70C83D5596A4}.Release|iPhone.Build.0 = Release|Any CPU
		{17BF2A80-F96E-4120-AFBA-70C83D5596A4}.Release|iPhoneSimulator.ActiveCfg = Release|Any CPU
		{17BF2A80-F96E-4120-AFBA-70C83D5596A4}.Release|iPhoneSimulator.Build.0 = Release|Any CPU
		{6507B5F9-82B7-4E24-9B1F-8BFF65EB17C4}.Ad-Hoc|Any CPU.ActiveCfg = Release|Any CPU
		{6507B5F9-82B7-4E24-9B1F-8BFF65EB17C4}.Ad-Hoc|Any CPU.Build.0 = Release|Any CPU
		{6507B5F9-82B7-4E24-9B1F-8BFF65EB17C4}.Ad-Hoc|iPhone.ActiveCfg = Release|Any CPU
		{6507B5F9-82B7-4E24-9B1F-8BFF65EB17C4}.Ad-Hoc|iPhone.Build.0 = Release|Any CPU
		{6507B5F9-82B7-4E24-9B1F-8BFF65EB17C4}.Ad-Hoc|iPhoneSimulator.ActiveCfg = Release|Any CPU
		{6507B5F9-82B7-4E24-9B1F-8BFF65EB17C4}.Ad-Hoc|iPhoneSimulator.Build.0 = Release|Any CPU
		{6507B5F9-82B7-4E24-9B1F-8BFF65EB17C4}.AppStore|Any CPU.ActiveCfg = Release|Any CPU
		{6507B5F9-82B7-4E24-9B1F-8BFF65EB17C4}.AppStore|Any CPU.Build.0 = Release|Any CPU
		{6507B5F9-82B7-4E24-9B1F-8BFF65EB17C4}.AppStore|iPhone.ActiveCfg = Release|Any CPU
		{6507B5F9-82B7-4E24-9B1F-8BFF65EB17C4}.AppStore|iPhone.Build.0 = Release|Any CPU
		{6507B5F9-82B7-4E24-9B1F-8BFF65EB17C4}.AppStore|iPhoneSimulator.ActiveCfg = Release|Any CPU
		{6507B5F9-82B7-4E24-9B1F-8BFF65EB17C4}.AppStore|iPhoneSimulator.Build.0 = Release|Any CPU
		{6507B5F9-82B7-4E24-9B1F-8BFF65EB17C4}.Debug|Any CPU.ActiveCfg = Debug|Any CPU
		{6507B5F9-82B7-4E24-9B1F-8BFF65EB17C4}.Debug|Any CPU.Build.0 = Debug|Any CPU
		{6507B5F9-82B7-4E24-9B1F-8BFF65EB17C4}.Debug|iPhone.ActiveCfg = Debug|Any CPU
		{6507B5F9-82B7-4E24-9B1F-8BFF65EB17C4}.Debug|iPhone.Build.0 = Debug|Any CPU
		{6507B5F9-82B7-4E24-9B1F-8BFF65EB17C4}.Debug|iPhoneSimulator.ActiveCfg = Debug|Any CPU
		{6507B5F9-82B7-4E24-9B1F-8BFF65EB17C4}.Debug|iPhoneSimulator.Build.0 = Debug|Any CPU
		{6507B5F9-82B7-4E24-9B1F-8BFF65EB17C4}.Release|Any CPU.ActiveCfg = Release|Any CPU
		{6507B5F9-82B7-4E24-9B1F-8BFF65EB17C4}.Release|Any CPU.Build.0 = Release|Any CPU
		{6507B5F9-82B7-4E24-9B1F-8BFF65EB17C4}.Release|iPhone.ActiveCfg = Release|Any CPU
		{6507B5F9-82B7-4E24-9B1F-8BFF65EB17C4}.Release|iPhone.Build.0 = Release|Any CPU
		{6507B5F9-82B7-4E24-9B1F-8BFF65EB17C4}.Release|iPhoneSimulator.ActiveCfg = Release|Any CPU
		{6507B5F9-82B7-4E24-9B1F-8BFF65EB17C4}.Release|iPhoneSimulator.Build.0 = Release|Any CPU
		{ECA521F1-372C-4841-9B7E-86F1D612938E}.Ad-Hoc|Any CPU.ActiveCfg = Release|Any CPU
		{ECA521F1-372C-4841-9B7E-86F1D612938E}.Ad-Hoc|Any CPU.Build.0 = Release|Any CPU
		{ECA521F1-372C-4841-9B7E-86F1D612938E}.Ad-Hoc|iPhone.ActiveCfg = Release|Any CPU
		{ECA521F1-372C-4841-9B7E-86F1D612938E}.Ad-Hoc|iPhone.Build.0 = Release|Any CPU
		{ECA521F1-372C-4841-9B7E-86F1D612938E}.Ad-Hoc|iPhoneSimulator.ActiveCfg = Release|Any CPU
		{ECA521F1-372C-4841-9B7E-86F1D612938E}.Ad-Hoc|iPhoneSimulator.Build.0 = Release|Any CPU
		{ECA521F1-372C-4841-9B7E-86F1D612938E}.AppStore|Any CPU.ActiveCfg = Release|Any CPU
		{ECA521F1-372C-4841-9B7E-86F1D612938E}.AppStore|Any CPU.Build.0 = Release|Any CPU
		{ECA521F1-372C-4841-9B7E-86F1D612938E}.AppStore|iPhone.ActiveCfg = Release|Any CPU
		{ECA521F1-372C-4841-9B7E-86F1D612938E}.AppStore|iPhone.Build.0 = Release|Any CPU
		{ECA521F1-372C-4841-9B7E-86F1D612938E}.AppStore|iPhoneSimulator.ActiveCfg = Release|Any CPU
		{ECA521F1-372C-4841-9B7E-86F1D612938E}.AppStore|iPhoneSimulator.Build.0 = Release|Any CPU
		{ECA521F1-372C-4841-9B7E-86F1D612938E}.Debug|Any CPU.ActiveCfg = Debug|Any CPU
		{ECA521F1-372C-4841-9B7E-86F1D612938E}.Debug|Any CPU.Build.0 = Debug|Any CPU
		{ECA521F1-372C-4841-9B7E-86F1D612938E}.Debug|iPhone.ActiveCfg = Debug|Any CPU
		{ECA521F1-372C-4841-9B7E-86F1D612938E}.Debug|iPhone.Build.0 = Debug|Any CPU
		{ECA521F1-372C-4841-9B7E-86F1D612938E}.Debug|iPhoneSimulator.ActiveCfg = Debug|Any CPU
		{ECA521F1-372C-4841-9B7E-86F1D612938E}.Debug|iPhoneSimulator.Build.0 = Debug|Any CPU
		{ECA521F1-372C-4841-9B7E-86F1D612938E}.Release|Any CPU.ActiveCfg = Release|Any CPU
		{ECA521F1-372C-4841-9B7E-86F1D612938E}.Release|Any CPU.Build.0 = Release|Any CPU
		{ECA521F1-372C-4841-9B7E-86F1D612938E}.Release|iPhone.ActiveCfg = Release|Any CPU
		{ECA521F1-372C-4841-9B7E-86F1D612938E}.Release|iPhone.Build.0 = Release|Any CPU
		{ECA521F1-372C-4841-9B7E-86F1D612938E}.Release|iPhoneSimulator.ActiveCfg = Release|Any CPU
		{ECA521F1-372C-4841-9B7E-86F1D612938E}.Release|iPhoneSimulator.Build.0 = Release|Any CPU
		{CF1128D7-D250-48B0-84A0-DE6DD3BE2E8D}.Ad-Hoc|Any CPU.ActiveCfg = Debug|Any CPU
		{CF1128D7-D250-48B0-84A0-DE6DD3BE2E8D}.Ad-Hoc|Any CPU.Build.0 = Debug|Any CPU
		{CF1128D7-D250-48B0-84A0-DE6DD3BE2E8D}.Ad-Hoc|iPhone.ActiveCfg = Debug|Any CPU
		{CF1128D7-D250-48B0-84A0-DE6DD3BE2E8D}.Ad-Hoc|iPhone.Build.0 = Debug|Any CPU
		{CF1128D7-D250-48B0-84A0-DE6DD3BE2E8D}.Ad-Hoc|iPhoneSimulator.ActiveCfg = Debug|Any CPU
		{CF1128D7-D250-48B0-84A0-DE6DD3BE2E8D}.Ad-Hoc|iPhoneSimulator.Build.0 = Debug|Any CPU
		{CF1128D7-D250-48B0-84A0-DE6DD3BE2E8D}.AppStore|Any CPU.ActiveCfg = Debug|Any CPU
		{CF1128D7-D250-48B0-84A0-DE6DD3BE2E8D}.AppStore|Any CPU.Build.0 = Debug|Any CPU
		{CF1128D7-D250-48B0-84A0-DE6DD3BE2E8D}.AppStore|iPhone.ActiveCfg = Debug|Any CPU
		{CF1128D7-D250-48B0-84A0-DE6DD3BE2E8D}.AppStore|iPhone.Build.0 = Debug|Any CPU
		{CF1128D7-D250-48B0-84A0-DE6DD3BE2E8D}.AppStore|iPhoneSimulator.ActiveCfg = Debug|Any CPU
		{CF1128D7-D250-48B0-84A0-DE6DD3BE2E8D}.AppStore|iPhoneSimulator.Build.0 = Debug|Any CPU
		{CF1128D7-D250-48B0-84A0-DE6DD3BE2E8D}.Debug|Any CPU.ActiveCfg = Debug|Any CPU
		{CF1128D7-D250-48B0-84A0-DE6DD3BE2E8D}.Debug|Any CPU.Build.0 = Debug|Any CPU
		{CF1128D7-D250-48B0-84A0-DE6DD3BE2E8D}.Debug|iPhone.ActiveCfg = Debug|Any CPU
		{CF1128D7-D250-48B0-84A0-DE6DD3BE2E8D}.Debug|iPhone.Build.0 = Debug|Any CPU
		{CF1128D7-D250-48B0-84A0-DE6DD3BE2E8D}.Debug|iPhoneSimulator.ActiveCfg = Debug|Any CPU
		{CF1128D7-D250-48B0-84A0-DE6DD3BE2E8D}.Debug|iPhoneSimulator.Build.0 = Debug|Any CPU
		{CF1128D7-D250-48B0-84A0-DE6DD3BE2E8D}.Release|Any CPU.ActiveCfg = Release|Any CPU
		{CF1128D7-D250-48B0-84A0-DE6DD3BE2E8D}.Release|Any CPU.Build.0 = Release|Any CPU
		{CF1128D7-D250-48B0-84A0-DE6DD3BE2E8D}.Release|iPhone.ActiveCfg = Release|Any CPU
		{CF1128D7-D250-48B0-84A0-DE6DD3BE2E8D}.Release|iPhone.Build.0 = Release|Any CPU
		{CF1128D7-D250-48B0-84A0-DE6DD3BE2E8D}.Release|iPhoneSimulator.ActiveCfg = Release|Any CPU
		{CF1128D7-D250-48B0-84A0-DE6DD3BE2E8D}.Release|iPhoneSimulator.Build.0 = Release|Any CPU
	EndGlobalSection
	GlobalSection(SolutionProperties) = preSolution
		HideSolutionNode = FALSE
	EndGlobalSection
	GlobalSection(NestedProjects) = preSolution
		{35439771-7B34-44EB-97C0-3F10B8C644A9} = {DCA0D807-0551-421F-A06A-08F7159B2D6C}
		{DBBF9839-EDF4-4A00-A29D-96F82B5DB61A} = {D6D0FEFE-EB75-4AF8-91AE-786886C9C1B5}
		{E3ABDC0D-2ECC-4F4E-AA12-B17716231C90} = {D6D0FEFE-EB75-4AF8-91AE-786886C9C1B5}
		{F12D905F-77EE-4ABF-B3EA-2F31ACE79335} = {DCA0D807-0551-421F-A06A-08F7159B2D6C}
		{28A53533-C5E4-42A6-A247-63AD5DE50778} = {DCA0D807-0551-421F-A06A-08F7159B2D6C}
		{8D2E6A67-66D8-4D33-B11E-5B048326AD22} = {DCA0D807-0551-421F-A06A-08F7159B2D6C}
		{D68BB77E-6229-4066-8EBD-A0E156760A59} = {DCA0D807-0551-421F-A06A-08F7159B2D6C}
		{C610737E-E8B6-4CF4-834C-A5EBCF6F2219} = {E3ABDC0D-2ECC-4F4E-AA12-B17716231C90}
		{8956329E-2087-41C7-9273-76900B0A217A} = {E3ABDC0D-2ECC-4F4E-AA12-B17716231C90}
		{BF31E501-7C92-4B90-BDC7-6323295CBC52} = {DBBF9839-EDF4-4A00-A29D-96F82B5DB61A}
		{17F95D3F-8E66-4E15-AB16-9A537901321D} = {DBBF9839-EDF4-4A00-A29D-96F82B5DB61A}
		{52FF5DEF-7C63-4C7C-A3D2-D8D90222B44E} = {D6D0FEFE-EB75-4AF8-91AE-786886C9C1B5}
		{C8FE4F23-70B6-475D-9B87-BD655B8CD22D} = {52FF5DEF-7C63-4C7C-A3D2-D8D90222B44E}
		{9BE2C151-3510-4B48-89D3-3A7CADD8B804} = {52FF5DEF-7C63-4C7C-A3D2-D8D90222B44E}
		{8607C471-BAF3-427E-910A-23D3A1AA6FEE} = {D6D0FEFE-EB75-4AF8-91AE-786886C9C1B5}
		{8DD64822-57A3-4FE9-9BFB-45B35AEB6164} = {8607C471-BAF3-427E-910A-23D3A1AA6FEE}
		{DC12F793-3335-4054-874B-B52B8AE693B6} = {8607C471-BAF3-427E-910A-23D3A1AA6FEE}
		{A508DD52-2CFC-4C47-91DF-396629817429} = {BC9EEB50-FD0C-41E7-B8AE-939428115F34}
		{25EE7CD2-3272-42A3-80DC-C09FF3D0E1EF} = {BC9EEB50-FD0C-41E7-B8AE-939428115F34}
		{FCAB31C5-9004-4976-8822-40CDF270BA53} = {BC9EEB50-FD0C-41E7-B8AE-939428115F34}
		{41F62F01-21F0-4EE6-8C9F-E437E5C79E01} = {BC9EEB50-FD0C-41E7-B8AE-939428115F34}
		{FE067F72-2DB3-420B-8445-87118F0A298A} = {BC9EEB50-FD0C-41E7-B8AE-939428115F34}
		{CA1A9868-C0DB-4638-87DC-5BC10CFB6588} = {BC9EEB50-FD0C-41E7-B8AE-939428115F34}
		{B04A2021-0569-4552-9A98-2717BA1A2FE6} = {D6D0FEFE-EB75-4AF8-91AE-786886C9C1B5}
		{D158E046-BC30-4726-9F11-7A8FE09A0701} = {B04A2021-0569-4552-9A98-2717BA1A2FE6}
		{9C1AD7CA-B144-4513-B8AB-AB9EF991E122} = {B04A2021-0569-4552-9A98-2717BA1A2FE6}
		{3026D642-D72C-4477-8A23-99D7F0FCAA6F} = {BC9EEB50-FD0C-41E7-B8AE-939428115F34}
		{7D652CE8-5A35-49EB-ABA0-39302F3B967F} = {D6D0FEFE-EB75-4AF8-91AE-786886C9C1B5}
		{D19DAA47-6696-40F4-8D7C-591A16D3991E} = {7D652CE8-5A35-49EB-ABA0-39302F3B967F}
		{444C4EA5-608F-4C9E-82D3-6750C846F0E7} = {7D652CE8-5A35-49EB-ABA0-39302F3B967F}
		{A437D28C-9E3D-42C7-BE80-96E13BD89859} = {BC9EEB50-FD0C-41E7-B8AE-939428115F34}
		{104CDEBB-6872-457C-BDEE-DE9161AA40E9} = {D6D0FEFE-EB75-4AF8-91AE-786886C9C1B5}
		{5187AA08-61CB-4749-81D5-4B78DC81633F} = {104CDEBB-6872-457C-BDEE-DE9161AA40E9}
		{DC4B2B3E-2BD9-4750-95E1-FAF485D5C394} = {104CDEBB-6872-457C-BDEE-DE9161AA40E9}
		{17BF2A80-F96E-4120-AFBA-70C83D5596A4} = {BC9EEB50-FD0C-41E7-B8AE-939428115F34}
		{1FBDCDD1-3559-43D1-A32F-2F8CEEA72116} = {D6D0FEFE-EB75-4AF8-91AE-786886C9C1B5}
		{6507B5F9-82B7-4E24-9B1F-8BFF65EB17C4} = {1FBDCDD1-3559-43D1-A32F-2F8CEEA72116}
		{ECA521F1-372C-4841-9B7E-86F1D612938E} = {1FBDCDD1-3559-43D1-A32F-2F8CEEA72116}
		{CF1128D7-D250-48B0-84A0-DE6DD3BE2E8D} = {BC9EEB50-FD0C-41E7-B8AE-939428115F34}
	EndGlobalSection
EndGlobal
