
Microsoft Visual Studio Solution File, Format Version 12.00
# Visual Studio 14
VisualStudioVersion = 14.0.24720.0
MinimumVisualStudioVersion = 10.0.40219.1
Project("{FAE04EC0-301F-11D3-BF4B-00C04F79EFBC}") = "MaterialIcons.FormsPlugin.Abstractions", "MaterialIcons.FormsPlugin.Abstractions\MaterialIcons.FormsPlugin.Abstractions.csproj", "{14C534B6-1984-41A9-A384-D3A5508588E3}"
EndProject
Project("{2150E333-8FDC-42A3-9474-1A3956D46DE8}") = "Samples", "Samples", "{CF4C2815-F9FB-4F07-8C7F-D648A8A5C319}"
EndProject
Project("{FAE04EC0-301F-11D3-BF4B-00C04F79EFBC}") = "MaterialIcons.Sample", "Samples\MaterialIcons.Sample\MaterialIcons.Sample.csproj", "{62542FDA-1258-430D-AD11-D1F58DE96F20}"
EndProject
Project("{2150E333-8FDC-42A3-9474-1A3956D46DE8}") = "Solution Items", "Solution Items", "{2F097846-E99B-4250-B4F2-B2B9B23D080A}"
	ProjectSection(SolutionItems) = preProject
		Common\MaterialIcons-Regular.ttf = Common\MaterialIcons-Regular.ttf
		MaterialIcons.FormsPlugin.nuspec = MaterialIcons.FormsPlugin.nuspec
		README.md = README.md
	EndProjectSection
EndProject
Project("{FAE04EC0-301F-11D3-BF4B-00C04F79EFBC}") = "MaterialIcons.FormsPlugin.Droid", "MaterialIcons.FormsPlugin.Droid\MaterialIcons.FormsPlugin.Droid.csproj", "{AD2D2DB4-E781-4CF1-9B62-3AAD264F196D}"
EndProject
Project("{FAE04EC0-301F-11D3-BF4B-00C04F79EFBC}") = "MaterialIcons.FormsPlugin.iOS", "MaterialIcons.FormsPlugin.iOS\MaterialIcons.FormsPlugin.iOS.csproj", "{D525F236-6A2D-4010-B1CC-4A4B8581C90B}"
EndProject
Project("{FAE04EC0-301F-11D3-BF4B-00C04F79EFBC}") = "MaterialIcons.Sample.Droid", "Samples\MaterialIcons.Sample.Droid\MaterialIcons.Sample.Droid.csproj", "{ABED7075-AD56-4E7D-BECC-E8C2B0B38342}"
EndProject
Project("{FAE04EC0-301F-11D3-BF4B-00C04F79EFBC}") = "MaterialIcons.Sample.iOS", "Samples\MaterialIcons.Sample.iOS\MaterialIcons.Sample.iOS.csproj", "{5F738FB6-1FBF-493F-87C6-7871659B9E2D}"
EndProject
Project("{FAE04EC0-301F-11D3-BF4B-00C04F79EFBC}") = "MaterialIcons.FormsPlugin.WinPhone", "MaterialIcons.FormsPlugin.WinPhone\MaterialIcons.FormsPlugin.WinPhone.csproj", "{4055B95D-924F-4027-8B54-54F65994C83A}"
EndProject
Project("{FAE04EC0-301F-11D3-BF4B-00C04F79EFBC}") = "MaterialIcons.Sample.WinPhone", "Samples\MaterialIcons.Sample.WinPhone\MaterialIcons.Sample.WinPhone.csproj", "{C634F25B-FAEB-46E8-A788-1D0911D03D3F}"
EndProject
Global
	GlobalSection(SolutionConfigurationPlatforms) = preSolution
		Ad-Hoc|Any CPU = Ad-Hoc|Any CPU
		Ad-Hoc|ARM = Ad-Hoc|ARM
		Ad-Hoc|iPhone = Ad-Hoc|iPhone
		Ad-Hoc|iPhoneSimulator = Ad-Hoc|iPhoneSimulator
		Ad-Hoc|x86 = Ad-Hoc|x86
		AppStore|Any CPU = AppStore|Any CPU
		AppStore|ARM = AppStore|ARM
		AppStore|iPhone = AppStore|iPhone
		AppStore|iPhoneSimulator = AppStore|iPhoneSimulator
		AppStore|x86 = AppStore|x86
		Debug|Any CPU = Debug|Any CPU
		Debug|ARM = Debug|ARM
		Debug|iPhone = Debug|iPhone
		Debug|iPhoneSimulator = Debug|iPhoneSimulator
		Debug|x86 = Debug|x86
		Release|Any CPU = Release|Any CPU
		Release|ARM = Release|ARM
		Release|iPhone = Release|iPhone
		Release|iPhoneSimulator = Release|iPhoneSimulator
		Release|x86 = Release|x86
	EndGlobalSection
	GlobalSection(ProjectConfigurationPlatforms) = postSolution
		{14C534B6-1984-41A9-A384-D3A5508588E3}.Ad-Hoc|Any CPU.ActiveCfg = Release|Any CPU
		{14C534B6-1984-41A9-A384-D3A5508588E3}.Ad-Hoc|Any CPU.Build.0 = Release|Any CPU
		{14C534B6-1984-41A9-A384-D3A5508588E3}.Ad-Hoc|ARM.ActiveCfg = Debug|Any CPU
		{14C534B6-1984-41A9-A384-D3A5508588E3}.Ad-Hoc|iPhone.ActiveCfg = Release|Any CPU
		{14C534B6-1984-41A9-A384-D3A5508588E3}.Ad-Hoc|iPhone.Build.0 = Release|Any CPU
		{14C534B6-1984-41A9-A384-D3A5508588E3}.Ad-Hoc|iPhoneSimulator.ActiveCfg = Release|Any CPU
		{14C534B6-1984-41A9-A384-D3A5508588E3}.Ad-Hoc|iPhoneSimulator.Build.0 = Release|Any CPU
		{14C534B6-1984-41A9-A384-D3A5508588E3}.Ad-Hoc|x86.ActiveCfg = Debug|Any CPU
		{14C534B6-1984-41A9-A384-D3A5508588E3}.AppStore|Any CPU.ActiveCfg = Release|Any CPU
		{14C534B6-1984-41A9-A384-D3A5508588E3}.AppStore|Any CPU.Build.0 = Release|Any CPU
		{14C534B6-1984-41A9-A384-D3A5508588E3}.AppStore|ARM.ActiveCfg = Debug|Any CPU
		{14C534B6-1984-41A9-A384-D3A5508588E3}.AppStore|iPhone.ActiveCfg = Release|Any CPU
		{14C534B6-1984-41A9-A384-D3A5508588E3}.AppStore|iPhone.Build.0 = Release|Any CPU
		{14C534B6-1984-41A9-A384-D3A5508588E3}.AppStore|iPhoneSimulator.ActiveCfg = Release|Any CPU
		{14C534B6-1984-41A9-A384-D3A5508588E3}.AppStore|iPhoneSimulator.Build.0 = Release|Any CPU
		{14C534B6-1984-41A9-A384-D3A5508588E3}.AppStore|x86.ActiveCfg = Debug|Any CPU
		{14C534B6-1984-41A9-A384-D3A5508588E3}.Debug|Any CPU.ActiveCfg = Debug|Any CPU
		{14C534B6-1984-41A9-A384-D3A5508588E3}.Debug|Any CPU.Build.0 = Debug|Any CPU
		{14C534B6-1984-41A9-A384-D3A5508588E3}.Debug|ARM.ActiveCfg = Debug|Any CPU
		{14C534B6-1984-41A9-A384-D3A5508588E3}.Debug|iPhone.ActiveCfg = Debug|Any CPU
		{14C534B6-1984-41A9-A384-D3A5508588E3}.Debug|iPhone.Build.0 = Debug|Any CPU
		{14C534B6-1984-41A9-A384-D3A5508588E3}.Debug|iPhoneSimulator.ActiveCfg = Debug|Any CPU
		{14C534B6-1984-41A9-A384-D3A5508588E3}.Debug|iPhoneSimulator.Build.0 = Debug|Any CPU
		{14C534B6-1984-41A9-A384-D3A5508588E3}.Debug|x86.ActiveCfg = Debug|Any CPU
		{14C534B6-1984-41A9-A384-D3A5508588E3}.Release|Any CPU.ActiveCfg = Release|Any CPU
		{14C534B6-1984-41A9-A384-D3A5508588E3}.Release|Any CPU.Build.0 = Release|Any CPU
		{14C534B6-1984-41A9-A384-D3A5508588E3}.Release|ARM.ActiveCfg = Release|Any CPU
		{14C534B6-1984-41A9-A384-D3A5508588E3}.Release|iPhone.ActiveCfg = Release|Any CPU
		{14C534B6-1984-41A9-A384-D3A5508588E3}.Release|iPhone.Build.0 = Release|Any CPU
		{14C534B6-1984-41A9-A384-D3A5508588E3}.Release|iPhoneSimulator.ActiveCfg = Release|Any CPU
		{14C534B6-1984-41A9-A384-D3A5508588E3}.Release|iPhoneSimulator.Build.0 = Release|Any CPU
		{14C534B6-1984-41A9-A384-D3A5508588E3}.Release|x86.ActiveCfg = Release|Any CPU
		{62542FDA-1258-430D-AD11-D1F58DE96F20}.Ad-Hoc|Any CPU.ActiveCfg = Release|Any CPU
		{62542FDA-1258-430D-AD11-D1F58DE96F20}.Ad-Hoc|Any CPU.Build.0 = Release|Any CPU
		{62542FDA-1258-430D-AD11-D1F58DE96F20}.Ad-Hoc|ARM.ActiveCfg = Debug|Any CPU
		{62542FDA-1258-430D-AD11-D1F58DE96F20}.Ad-Hoc|iPhone.ActiveCfg = Release|Any CPU
		{62542FDA-1258-430D-AD11-D1F58DE96F20}.Ad-Hoc|iPhone.Build.0 = Release|Any CPU
		{62542FDA-1258-430D-AD11-D1F58DE96F20}.Ad-Hoc|iPhoneSimulator.ActiveCfg = Release|Any CPU
		{62542FDA-1258-430D-AD11-D1F58DE96F20}.Ad-Hoc|iPhoneSimulator.Build.0 = Release|Any CPU
		{62542FDA-1258-430D-AD11-D1F58DE96F20}.Ad-Hoc|x86.ActiveCfg = Debug|Any CPU
		{62542FDA-1258-430D-AD11-D1F58DE96F20}.AppStore|Any CPU.ActiveCfg = Release|Any CPU
		{62542FDA-1258-430D-AD11-D1F58DE96F20}.AppStore|Any CPU.Build.0 = Release|Any CPU
		{62542FDA-1258-430D-AD11-D1F58DE96F20}.AppStore|ARM.ActiveCfg = Debug|Any CPU
		{62542FDA-1258-430D-AD11-D1F58DE96F20}.AppStore|iPhone.ActiveCfg = Release|Any CPU
		{62542FDA-1258-430D-AD11-D1F58DE96F20}.AppStore|iPhone.Build.0 = Release|Any CPU
		{62542FDA-1258-430D-AD11-D1F58DE96F20}.AppStore|iPhoneSimulator.ActiveCfg = Release|Any CPU
		{62542FDA-1258-430D-AD11-D1F58DE96F20}.AppStore|iPhoneSimulator.Build.0 = Release|Any CPU
		{62542FDA-1258-430D-AD11-D1F58DE96F20}.AppStore|x86.ActiveCfg = Debug|Any CPU
		{62542FDA-1258-430D-AD11-D1F58DE96F20}.Debug|Any CPU.ActiveCfg = Debug|Any CPU
		{62542FDA-1258-430D-AD11-D1F58DE96F20}.Debug|Any CPU.Build.0 = Debug|Any CPU
		{62542FDA-1258-430D-AD11-D1F58DE96F20}.Debug|ARM.ActiveCfg = Debug|Any CPU
		{62542FDA-1258-430D-AD11-D1F58DE96F20}.Debug|iPhone.ActiveCfg = Debug|Any CPU
		{62542FDA-1258-430D-AD11-D1F58DE96F20}.Debug|iPhone.Build.0 = Debug|Any CPU
		{62542FDA-1258-430D-AD11-D1F58DE96F20}.Debug|iPhoneSimulator.ActiveCfg = Debug|Any CPU
		{62542FDA-1258-430D-AD11-D1F58DE96F20}.Debug|iPhoneSimulator.Build.0 = Debug|Any CPU
		{62542FDA-1258-430D-AD11-D1F58DE96F20}.Debug|x86.ActiveCfg = Debug|Any CPU
		{62542FDA-1258-430D-AD11-D1F58DE96F20}.Release|Any CPU.ActiveCfg = Release|Any CPU
		{62542FDA-1258-430D-AD11-D1F58DE96F20}.Release|Any CPU.Build.0 = Release|Any CPU
		{62542FDA-1258-430D-AD11-D1F58DE96F20}.Release|ARM.ActiveCfg = Release|Any CPU
		{62542FDA-1258-430D-AD11-D1F58DE96F20}.Release|iPhone.ActiveCfg = Release|Any CPU
		{62542FDA-1258-430D-AD11-D1F58DE96F20}.Release|iPhone.Build.0 = Release|Any CPU
		{62542FDA-1258-430D-AD11-D1F58DE96F20}.Release|iPhoneSimulator.ActiveCfg = Release|Any CPU
		{62542FDA-1258-430D-AD11-D1F58DE96F20}.Release|iPhoneSimulator.Build.0 = Release|Any CPU
		{62542FDA-1258-430D-AD11-D1F58DE96F20}.Release|x86.ActiveCfg = Release|Any CPU
		{AD2D2DB4-E781-4CF1-9B62-3AAD264F196D}.Ad-Hoc|Any CPU.ActiveCfg = Release|Any CPU
		{AD2D2DB4-E781-4CF1-9B62-3AAD264F196D}.Ad-Hoc|Any CPU.Build.0 = Release|Any CPU
		{AD2D2DB4-E781-4CF1-9B62-3AAD264F196D}.Ad-Hoc|ARM.ActiveCfg = Debug|Any CPU
		{AD2D2DB4-E781-4CF1-9B62-3AAD264F196D}.Ad-Hoc|iPhone.ActiveCfg = Release|Any CPU
		{AD2D2DB4-E781-4CF1-9B62-3AAD264F196D}.Ad-Hoc|iPhone.Build.0 = Release|Any CPU
		{AD2D2DB4-E781-4CF1-9B62-3AAD264F196D}.Ad-Hoc|iPhoneSimulator.ActiveCfg = Release|Any CPU
		{AD2D2DB4-E781-4CF1-9B62-3AAD264F196D}.Ad-Hoc|iPhoneSimulator.Build.0 = Release|Any CPU
		{AD2D2DB4-E781-4CF1-9B62-3AAD264F196D}.Ad-Hoc|x86.ActiveCfg = Debug|Any CPU
		{AD2D2DB4-E781-4CF1-9B62-3AAD264F196D}.AppStore|Any CPU.ActiveCfg = Release|Any CPU
		{AD2D2DB4-E781-4CF1-9B62-3AAD264F196D}.AppStore|Any CPU.Build.0 = Release|Any CPU
		{AD2D2DB4-E781-4CF1-9B62-3AAD264F196D}.AppStore|ARM.ActiveCfg = Debug|Any CPU
		{AD2D2DB4-E781-4CF1-9B62-3AAD264F196D}.AppStore|iPhone.ActiveCfg = Release|Any CPU
		{AD2D2DB4-E781-4CF1-9B62-3AAD264F196D}.AppStore|iPhone.Build.0 = Release|Any CPU
		{AD2D2DB4-E781-4CF1-9B62-3AAD264F196D}.AppStore|iPhoneSimulator.ActiveCfg = Release|Any CPU
		{AD2D2DB4-E781-4CF1-9B62-3AAD264F196D}.AppStore|iPhoneSimulator.Build.0 = Release|Any CPU
		{AD2D2DB4-E781-4CF1-9B62-3AAD264F196D}.AppStore|x86.ActiveCfg = Debug|Any CPU
		{AD2D2DB4-E781-4CF1-9B62-3AAD264F196D}.Debug|Any CPU.ActiveCfg = Debug|Any CPU
		{AD2D2DB4-E781-4CF1-9B62-3AAD264F196D}.Debug|Any CPU.Build.0 = Debug|Any CPU
		{AD2D2DB4-E781-4CF1-9B62-3AAD264F196D}.Debug|ARM.ActiveCfg = Debug|Any CPU
		{AD2D2DB4-E781-4CF1-9B62-3AAD264F196D}.Debug|iPhone.ActiveCfg = Debug|Any CPU
		{AD2D2DB4-E781-4CF1-9B62-3AAD264F196D}.Debug|iPhone.Build.0 = Debug|Any CPU
		{AD2D2DB4-E781-4CF1-9B62-3AAD264F196D}.Debug|iPhoneSimulator.ActiveCfg = Debug|Any CPU
		{AD2D2DB4-E781-4CF1-9B62-3AAD264F196D}.Debug|iPhoneSimulator.Build.0 = Debug|Any CPU
		{AD2D2DB4-E781-4CF1-9B62-3AAD264F196D}.Debug|x86.ActiveCfg = Debug|Any CPU
		{AD2D2DB4-E781-4CF1-9B62-3AAD264F196D}.Release|Any CPU.ActiveCfg = Release|Any CPU
		{AD2D2DB4-E781-4CF1-9B62-3AAD264F196D}.Release|Any CPU.Build.0 = Release|Any CPU
		{AD2D2DB4-E781-4CF1-9B62-3AAD264F196D}.Release|ARM.ActiveCfg = Release|Any CPU
		{AD2D2DB4-E781-4CF1-9B62-3AAD264F196D}.Release|iPhone.ActiveCfg = Release|Any CPU
		{AD2D2DB4-E781-4CF1-9B62-3AAD264F196D}.Release|iPhone.Build.0 = Release|Any CPU
		{AD2D2DB4-E781-4CF1-9B62-3AAD264F196D}.Release|iPhoneSimulator.ActiveCfg = Release|Any CPU
		{AD2D2DB4-E781-4CF1-9B62-3AAD264F196D}.Release|iPhoneSimulator.Build.0 = Release|Any CPU
		{AD2D2DB4-E781-4CF1-9B62-3AAD264F196D}.Release|x86.ActiveCfg = Release|Any CPU
		{D525F236-6A2D-4010-B1CC-4A4B8581C90B}.Ad-Hoc|Any CPU.ActiveCfg = Release|Any CPU
		{D525F236-6A2D-4010-B1CC-4A4B8581C90B}.Ad-Hoc|Any CPU.Build.0 = Release|Any CPU
		{D525F236-6A2D-4010-B1CC-4A4B8581C90B}.Ad-Hoc|ARM.ActiveCfg = Debug|Any CPU
		{D525F236-6A2D-4010-B1CC-4A4B8581C90B}.Ad-Hoc|iPhone.ActiveCfg = Release|Any CPU
		{D525F236-6A2D-4010-B1CC-4A4B8581C90B}.Ad-Hoc|iPhone.Build.0 = Release|Any CPU
		{D525F236-6A2D-4010-B1CC-4A4B8581C90B}.Ad-Hoc|iPhoneSimulator.ActiveCfg = Release|Any CPU
		{D525F236-6A2D-4010-B1CC-4A4B8581C90B}.Ad-Hoc|iPhoneSimulator.Build.0 = Release|Any CPU
		{D525F236-6A2D-4010-B1CC-4A4B8581C90B}.Ad-Hoc|x86.ActiveCfg = Debug|Any CPU
		{D525F236-6A2D-4010-B1CC-4A4B8581C90B}.AppStore|Any CPU.ActiveCfg = Release|Any CPU
		{D525F236-6A2D-4010-B1CC-4A4B8581C90B}.AppStore|Any CPU.Build.0 = Release|Any CPU
		{D525F236-6A2D-4010-B1CC-4A4B8581C90B}.AppStore|ARM.ActiveCfg = Debug|Any CPU
		{D525F236-6A2D-4010-B1CC-4A4B8581C90B}.AppStore|iPhone.ActiveCfg = Release|Any CPU
		{D525F236-6A2D-4010-B1CC-4A4B8581C90B}.AppStore|iPhone.Build.0 = Release|Any CPU
		{D525F236-6A2D-4010-B1CC-4A4B8581C90B}.AppStore|iPhoneSimulator.ActiveCfg = Release|Any CPU
		{D525F236-6A2D-4010-B1CC-4A4B8581C90B}.AppStore|iPhoneSimulator.Build.0 = Release|Any CPU
		{D525F236-6A2D-4010-B1CC-4A4B8581C90B}.AppStore|x86.ActiveCfg = Debug|Any CPU
		{D525F236-6A2D-4010-B1CC-4A4B8581C90B}.Debug|Any CPU.ActiveCfg = Debug|Any CPU
		{D525F236-6A2D-4010-B1CC-4A4B8581C90B}.Debug|Any CPU.Build.0 = Debug|Any CPU
		{D525F236-6A2D-4010-B1CC-4A4B8581C90B}.Debug|ARM.ActiveCfg = Debug|Any CPU
		{D525F236-6A2D-4010-B1CC-4A4B8581C90B}.Debug|iPhone.ActiveCfg = Debug|Any CPU
		{D525F236-6A2D-4010-B1CC-4A4B8581C90B}.Debug|iPhone.Build.0 = Debug|Any CPU
		{D525F236-6A2D-4010-B1CC-4A4B8581C90B}.Debug|iPhoneSimulator.ActiveCfg = Debug|Any CPU
		{D525F236-6A2D-4010-B1CC-4A4B8581C90B}.Debug|iPhoneSimulator.Build.0 = Debug|Any CPU
		{D525F236-6A2D-4010-B1CC-4A4B8581C90B}.Debug|x86.ActiveCfg = Debug|Any CPU
		{D525F236-6A2D-4010-B1CC-4A4B8581C90B}.Release|Any CPU.ActiveCfg = Release|Any CPU
		{D525F236-6A2D-4010-B1CC-4A4B8581C90B}.Release|Any CPU.Build.0 = Release|Any CPU
		{D525F236-6A2D-4010-B1CC-4A4B8581C90B}.Release|ARM.ActiveCfg = Release|Any CPU
		{D525F236-6A2D-4010-B1CC-4A4B8581C90B}.Release|iPhone.ActiveCfg = Release|Any CPU
		{D525F236-6A2D-4010-B1CC-4A4B8581C90B}.Release|iPhone.Build.0 = Release|Any CPU
		{D525F236-6A2D-4010-B1CC-4A4B8581C90B}.Release|iPhoneSimulator.ActiveCfg = Release|Any CPU
		{D525F236-6A2D-4010-B1CC-4A4B8581C90B}.Release|iPhoneSimulator.Build.0 = Release|Any CPU
		{D525F236-6A2D-4010-B1CC-4A4B8581C90B}.Release|x86.ActiveCfg = Release|Any CPU
		{ABED7075-AD56-4E7D-BECC-E8C2B0B38342}.Ad-Hoc|Any CPU.ActiveCfg = Release|Any CPU
		{ABED7075-AD56-4E7D-BECC-E8C2B0B38342}.Ad-Hoc|Any CPU.Build.0 = Release|Any CPU
		{ABED7075-AD56-4E7D-BECC-E8C2B0B38342}.Ad-Hoc|Any CPU.Deploy.0 = Release|Any CPU
		{ABED7075-AD56-4E7D-BECC-E8C2B0B38342}.Ad-Hoc|ARM.ActiveCfg = Debug|Any CPU
		{ABED7075-AD56-4E7D-BECC-E8C2B0B38342}.Ad-Hoc|iPhone.ActiveCfg = Release|Any CPU
		{ABED7075-AD56-4E7D-BECC-E8C2B0B38342}.Ad-Hoc|iPhone.Build.0 = Release|Any CPU
		{ABED7075-AD56-4E7D-BECC-E8C2B0B38342}.Ad-Hoc|iPhone.Deploy.0 = Release|Any CPU
		{ABED7075-AD56-4E7D-BECC-E8C2B0B38342}.Ad-Hoc|iPhoneSimulator.ActiveCfg = Release|Any CPU
		{ABED7075-AD56-4E7D-BECC-E8C2B0B38342}.Ad-Hoc|iPhoneSimulator.Build.0 = Release|Any CPU
		{ABED7075-AD56-4E7D-BECC-E8C2B0B38342}.Ad-Hoc|iPhoneSimulator.Deploy.0 = Release|Any CPU
		{ABED7075-AD56-4E7D-BECC-E8C2B0B38342}.Ad-Hoc|x86.ActiveCfg = Debug|Any CPU
		{ABED7075-AD56-4E7D-BECC-E8C2B0B38342}.AppStore|Any CPU.ActiveCfg = Release|Any CPU
		{ABED7075-AD56-4E7D-BECC-E8C2B0B38342}.AppStore|Any CPU.Build.0 = Release|Any CPU
		{ABED7075-AD56-4E7D-BECC-E8C2B0B38342}.AppStore|Any CPU.Deploy.0 = Release|Any CPU
		{ABED7075-AD56-4E7D-BECC-E8C2B0B38342}.AppStore|ARM.ActiveCfg = Debug|Any CPU
		{ABED7075-AD56-4E7D-BECC-E8C2B0B38342}.AppStore|iPhone.ActiveCfg = Release|Any CPU
		{ABED7075-AD56-4E7D-BECC-E8C2B0B38342}.AppStore|iPhone.Build.0 = Release|Any CPU
		{ABED7075-AD56-4E7D-BECC-E8C2B0B38342}.AppStore|iPhone.Deploy.0 = Release|Any CPU
		{ABED7075-AD56-4E7D-BECC-E8C2B0B38342}.AppStore|iPhoneSimulator.ActiveCfg = Release|Any CPU
		{ABED7075-AD56-4E7D-BECC-E8C2B0B38342}.AppStore|iPhoneSimulator.Build.0 = Release|Any CPU
		{ABED7075-AD56-4E7D-BECC-E8C2B0B38342}.AppStore|iPhoneSimulator.Deploy.0 = Release|Any CPU
		{ABED7075-AD56-4E7D-BECC-E8C2B0B38342}.AppStore|x86.ActiveCfg = Debug|Any CPU
		{ABED7075-AD56-4E7D-BECC-E8C2B0B38342}.Debug|Any CPU.ActiveCfg = Debug|Any CPU
		{ABED7075-AD56-4E7D-BECC-E8C2B0B38342}.Debug|Any CPU.Build.0 = Debug|Any CPU
		{ABED7075-AD56-4E7D-BECC-E8C2B0B38342}.Debug|Any CPU.Deploy.0 = Debug|Any CPU
		{ABED7075-AD56-4E7D-BECC-E8C2B0B38342}.Debug|ARM.ActiveCfg = Debug|Any CPU
		{ABED7075-AD56-4E7D-BECC-E8C2B0B38342}.Debug|iPhone.ActiveCfg = Debug|Any CPU
		{ABED7075-AD56-4E7D-BECC-E8C2B0B38342}.Debug|iPhone.Build.0 = Debug|Any CPU
		{ABED7075-AD56-4E7D-BECC-E8C2B0B38342}.Debug|iPhone.Deploy.0 = Debug|Any CPU
		{ABED7075-AD56-4E7D-BECC-E8C2B0B38342}.Debug|iPhoneSimulator.ActiveCfg = Debug|Any CPU
		{ABED7075-AD56-4E7D-BECC-E8C2B0B38342}.Debug|iPhoneSimulator.Build.0 = Debug|Any CPU
		{ABED7075-AD56-4E7D-BECC-E8C2B0B38342}.Debug|iPhoneSimulator.Deploy.0 = Debug|Any CPU
		{ABED7075-AD56-4E7D-BECC-E8C2B0B38342}.Debug|x86.ActiveCfg = Debug|Any CPU
		{ABED7075-AD56-4E7D-BECC-E8C2B0B38342}.Release|Any CPU.ActiveCfg = Release|Any CPU
		{ABED7075-AD56-4E7D-BECC-E8C2B0B38342}.Release|Any CPU.Build.0 = Release|Any CPU
		{ABED7075-AD56-4E7D-BECC-E8C2B0B38342}.Release|Any CPU.Deploy.0 = Release|Any CPU
		{ABED7075-AD56-4E7D-BECC-E8C2B0B38342}.Release|ARM.ActiveCfg = Release|Any CPU
		{ABED7075-AD56-4E7D-BECC-E8C2B0B38342}.Release|iPhone.ActiveCfg = Release|Any CPU
		{ABED7075-AD56-4E7D-BECC-E8C2B0B38342}.Release|iPhone.Build.0 = Release|Any CPU
		{ABED7075-AD56-4E7D-BECC-E8C2B0B38342}.Release|iPhone.Deploy.0 = Release|Any CPU
		{ABED7075-AD56-4E7D-BECC-E8C2B0B38342}.Release|iPhoneSimulator.ActiveCfg = Release|Any CPU
		{ABED7075-AD56-4E7D-BECC-E8C2B0B38342}.Release|iPhoneSimulator.Build.0 = Release|Any CPU
		{ABED7075-AD56-4E7D-BECC-E8C2B0B38342}.Release|iPhoneSimulator.Deploy.0 = Release|Any CPU
		{ABED7075-AD56-4E7D-BECC-E8C2B0B38342}.Release|x86.ActiveCfg = Release|Any CPU
		{5F738FB6-1FBF-493F-87C6-7871659B9E2D}.Ad-Hoc|Any CPU.ActiveCfg = Ad-Hoc|iPhone
		{5F738FB6-1FBF-493F-87C6-7871659B9E2D}.Ad-Hoc|ARM.ActiveCfg = Ad-Hoc|iPhoneSimulator
		{5F738FB6-1FBF-493F-87C6-7871659B9E2D}.Ad-Hoc|iPhone.ActiveCfg = Ad-Hoc|iPhone
		{5F738FB6-1FBF-493F-87C6-7871659B9E2D}.Ad-Hoc|iPhone.Build.0 = Ad-Hoc|iPhone
		{5F738FB6-1FBF-493F-87C6-7871659B9E2D}.Ad-Hoc|iPhoneSimulator.ActiveCfg = Ad-Hoc|iPhoneSimulator
		{5F738FB6-1FBF-493F-87C6-7871659B9E2D}.Ad-Hoc|iPhoneSimulator.Build.0 = Ad-Hoc|iPhoneSimulator
		{5F738FB6-1FBF-493F-87C6-7871659B9E2D}.Ad-Hoc|x86.ActiveCfg = Ad-Hoc|iPhoneSimulator
		{5F738FB6-1FBF-493F-87C6-7871659B9E2D}.AppStore|Any CPU.ActiveCfg = AppStore|iPhone
		{5F738FB6-1FBF-493F-87C6-7871659B9E2D}.AppStore|ARM.ActiveCfg = AppStore|iPhoneSimulator
		{5F738FB6-1FBF-493F-87C6-7871659B9E2D}.AppStore|iPhone.ActiveCfg = AppStore|iPhone
		{5F738FB6-1FBF-493F-87C6-7871659B9E2D}.AppStore|iPhone.Build.0 = AppStore|iPhone
		{5F738FB6-1FBF-493F-87C6-7871659B9E2D}.AppStore|iPhoneSimulator.ActiveCfg = AppStore|iPhoneSimulator
		{5F738FB6-1FBF-493F-87C6-7871659B9E2D}.AppStore|iPhoneSimulator.Build.0 = AppStore|iPhoneSimulator
		{5F738FB6-1FBF-493F-87C6-7871659B9E2D}.AppStore|x86.ActiveCfg = AppStore|iPhoneSimulator
		{5F738FB6-1FBF-493F-87C6-7871659B9E2D}.Debug|Any CPU.ActiveCfg = Debug|iPhone
		{5F738FB6-1FBF-493F-87C6-7871659B9E2D}.Debug|ARM.ActiveCfg = Debug|iPhoneSimulator
		{5F738FB6-1FBF-493F-87C6-7871659B9E2D}.Debug|iPhone.ActiveCfg = Debug|iPhone
		{5F738FB6-1FBF-493F-87C6-7871659B9E2D}.Debug|iPhone.Build.0 = Debug|iPhone
		{5F738FB6-1FBF-493F-87C6-7871659B9E2D}.Debug|iPhoneSimulator.ActiveCfg = Debug|iPhoneSimulator
		{5F738FB6-1FBF-493F-87C6-7871659B9E2D}.Debug|iPhoneSimulator.Build.0 = Debug|iPhoneSimulator
		{5F738FB6-1FBF-493F-87C6-7871659B9E2D}.Debug|x86.ActiveCfg = Debug|iPhoneSimulator
		{5F738FB6-1FBF-493F-87C6-7871659B9E2D}.Release|Any CPU.ActiveCfg = Release|iPhone
		{5F738FB6-1FBF-493F-87C6-7871659B9E2D}.Release|ARM.ActiveCfg = Release|iPhoneSimulator
		{5F738FB6-1FBF-493F-87C6-7871659B9E2D}.Release|iPhone.ActiveCfg = Release|iPhone
		{5F738FB6-1FBF-493F-87C6-7871659B9E2D}.Release|iPhone.Build.0 = Release|iPhone
		{5F738FB6-1FBF-493F-87C6-7871659B9E2D}.Release|iPhoneSimulator.ActiveCfg = Release|iPhoneSimulator
		{5F738FB6-1FBF-493F-87C6-7871659B9E2D}.Release|iPhoneSimulator.Build.0 = Release|iPhoneSimulator
		{5F738FB6-1FBF-493F-87C6-7871659B9E2D}.Release|x86.ActiveCfg = Release|iPhoneSimulator
		{4055B95D-924F-4027-8B54-54F65994C83A}.Ad-Hoc|Any CPU.ActiveCfg = Release|Any CPU
		{4055B95D-924F-4027-8B54-54F65994C83A}.Ad-Hoc|Any CPU.Build.0 = Release|Any CPU
		{4055B95D-924F-4027-8B54-54F65994C83A}.Ad-Hoc|ARM.ActiveCfg = Release|ARM
		{4055B95D-924F-4027-8B54-54F65994C83A}.Ad-Hoc|ARM.Build.0 = Release|ARM
		{4055B95D-924F-4027-8B54-54F65994C83A}.Ad-Hoc|iPhone.ActiveCfg = Release|Any CPU
		{4055B95D-924F-4027-8B54-54F65994C83A}.Ad-Hoc|iPhoneSimulator.ActiveCfg = Release|Any CPU
		{4055B95D-924F-4027-8B54-54F65994C83A}.Ad-Hoc|x86.ActiveCfg = Release|x86
		{4055B95D-924F-4027-8B54-54F65994C83A}.Ad-Hoc|x86.Build.0 = Release|x86
		{4055B95D-924F-4027-8B54-54F65994C83A}.AppStore|Any CPU.ActiveCfg = Release|Any CPU
		{4055B95D-924F-4027-8B54-54F65994C83A}.AppStore|Any CPU.Build.0 = Release|Any CPU
		{4055B95D-924F-4027-8B54-54F65994C83A}.AppStore|ARM.ActiveCfg = Release|ARM
		{4055B95D-924F-4027-8B54-54F65994C83A}.AppStore|ARM.Build.0 = Release|ARM
		{4055B95D-924F-4027-8B54-54F65994C83A}.AppStore|iPhone.ActiveCfg = Release|Any CPU
		{4055B95D-924F-4027-8B54-54F65994C83A}.AppStore|iPhoneSimulator.ActiveCfg = Release|Any CPU
		{4055B95D-924F-4027-8B54-54F65994C83A}.AppStore|x86.ActiveCfg = Release|x86
		{4055B95D-924F-4027-8B54-54F65994C83A}.AppStore|x86.Build.0 = Release|x86
		{4055B95D-924F-4027-8B54-54F65994C83A}.Debug|Any CPU.ActiveCfg = Debug|Any CPU
		{4055B95D-924F-4027-8B54-54F65994C83A}.Debug|Any CPU.Build.0 = Debug|Any CPU
		{4055B95D-924F-4027-8B54-54F65994C83A}.Debug|ARM.ActiveCfg = Debug|ARM
		{4055B95D-924F-4027-8B54-54F65994C83A}.Debug|ARM.Build.0 = Debug|ARM
		{4055B95D-924F-4027-8B54-54F65994C83A}.Debug|iPhone.ActiveCfg = Debug|Any CPU
		{4055B95D-924F-4027-8B54-54F65994C83A}.Debug|iPhoneSimulator.ActiveCfg = Debug|Any CPU
		{4055B95D-924F-4027-8B54-54F65994C83A}.Debug|x86.ActiveCfg = Debug|x86
		{4055B95D-924F-4027-8B54-54F65994C83A}.Debug|x86.Build.0 = Debug|x86
		{4055B95D-924F-4027-8B54-54F65994C83A}.Release|Any CPU.ActiveCfg = Release|Any CPU
		{4055B95D-924F-4027-8B54-54F65994C83A}.Release|Any CPU.Build.0 = Release|Any CPU
		{4055B95D-924F-4027-8B54-54F65994C83A}.Release|ARM.ActiveCfg = Release|ARM
		{4055B95D-924F-4027-8B54-54F65994C83A}.Release|ARM.Build.0 = Release|ARM
		{4055B95D-924F-4027-8B54-54F65994C83A}.Release|iPhone.ActiveCfg = Release|Any CPU
		{4055B95D-924F-4027-8B54-54F65994C83A}.Release|iPhoneSimulator.ActiveCfg = Release|Any CPU
		{4055B95D-924F-4027-8B54-54F65994C83A}.Release|x86.ActiveCfg = Release|x86
		{4055B95D-924F-4027-8B54-54F65994C83A}.Release|x86.Build.0 = Release|x86
		{C634F25B-FAEB-46E8-A788-1D0911D03D3F}.Ad-Hoc|Any CPU.ActiveCfg = Release|Any CPU
		{C634F25B-FAEB-46E8-A788-1D0911D03D3F}.Ad-Hoc|Any CPU.Build.0 = Release|Any CPU
		{C634F25B-FAEB-46E8-A788-1D0911D03D3F}.Ad-Hoc|Any CPU.Deploy.0 = Release|Any CPU
		{C634F25B-FAEB-46E8-A788-1D0911D03D3F}.Ad-Hoc|ARM.ActiveCfg = Release|ARM
		{C634F25B-FAEB-46E8-A788-1D0911D03D3F}.Ad-Hoc|ARM.Build.0 = Release|ARM
		{C634F25B-FAEB-46E8-A788-1D0911D03D3F}.Ad-Hoc|ARM.Deploy.0 = Release|ARM
		{C634F25B-FAEB-46E8-A788-1D0911D03D3F}.Ad-Hoc|iPhone.ActiveCfg = Release|Any CPU
		{C634F25B-FAEB-46E8-A788-1D0911D03D3F}.Ad-Hoc|iPhoneSimulator.ActiveCfg = Release|Any CPU
		{C634F25B-FAEB-46E8-A788-1D0911D03D3F}.Ad-Hoc|x86.ActiveCfg = Release|x86
		{C634F25B-FAEB-46E8-A788-1D0911D03D3F}.Ad-Hoc|x86.Build.0 = Release|x86
		{C634F25B-FAEB-46E8-A788-1D0911D03D3F}.Ad-Hoc|x86.Deploy.0 = Release|x86
		{C634F25B-FAEB-46E8-A788-1D0911D03D3F}.AppStore|Any CPU.ActiveCfg = Release|Any CPU
		{C634F25B-FAEB-46E8-A788-1D0911D03D3F}.AppStore|Any CPU.Build.0 = Release|Any CPU
		{C634F25B-FAEB-46E8-A788-1D0911D03D3F}.AppStore|Any CPU.Deploy.0 = Release|Any CPU
		{C634F25B-FAEB-46E8-A788-1D0911D03D3F}.AppStore|ARM.ActiveCfg = Release|ARM
		{C634F25B-FAEB-46E8-A788-1D0911D03D3F}.AppStore|ARM.Build.0 = Release|ARM
		{C634F25B-FAEB-46E8-A788-1D0911D03D3F}.AppStore|ARM.Deploy.0 = Release|ARM
		{C634F25B-FAEB-46E8-A788-1D0911D03D3F}.AppStore|iPhone.ActiveCfg = Release|Any CPU
		{C634F25B-FAEB-46E8-A788-1D0911D03D3F}.AppStore|iPhoneSimulator.ActiveCfg = Release|Any CPU
		{C634F25B-FAEB-46E8-A788-1D0911D03D3F}.AppStore|x86.ActiveCfg = Release|x86
		{C634F25B-FAEB-46E8-A788-1D0911D03D3F}.AppStore|x86.Build.0 = Release|x86
		{C634F25B-FAEB-46E8-A788-1D0911D03D3F}.AppStore|x86.Deploy.0 = Release|x86
		{C634F25B-FAEB-46E8-A788-1D0911D03D3F}.Debug|Any CPU.ActiveCfg = Debug|Any CPU
		{C634F25B-FAEB-46E8-A788-1D0911D03D3F}.Debug|Any CPU.Build.0 = Debug|Any CPU
		{C634F25B-FAEB-46E8-A788-1D0911D03D3F}.Debug|Any CPU.Deploy.0 = Debug|Any CPU
		{C634F25B-FAEB-46E8-A788-1D0911D03D3F}.Debug|ARM.ActiveCfg = Debug|ARM
		{C634F25B-FAEB-46E8-A788-1D0911D03D3F}.Debug|ARM.Build.0 = Debug|ARM
		{C634F25B-FAEB-46E8-A788-1D0911D03D3F}.Debug|ARM.Deploy.0 = Debug|ARM
		{C634F25B-FAEB-46E8-A788-1D0911D03D3F}.Debug|iPhone.ActiveCfg = Debug|Any CPU
		{C634F25B-FAEB-46E8-A788-1D0911D03D3F}.Debug|iPhoneSimulator.ActiveCfg = Debug|Any CPU
		{C634F25B-FAEB-46E8-A788-1D0911D03D3F}.Debug|x86.ActiveCfg = Debug|x86
		{C634F25B-FAEB-46E8-A788-1D0911D03D3F}.Debug|x86.Build.0 = Debug|x86
		{C634F25B-FAEB-46E8-A788-1D0911D03D3F}.Debug|x86.Deploy.0 = Debug|x86
		{C634F25B-FAEB-46E8-A788-1D0911D03D3F}.Release|Any CPU.ActiveCfg = Release|Any CPU
		{C634F25B-FAEB-46E8-A788-1D0911D03D3F}.Release|Any CPU.Build.0 = Release|Any CPU
		{C634F25B-FAEB-46E8-A788-1D0911D03D3F}.Release|Any CPU.Deploy.0 = Release|Any CPU
		{C634F25B-FAEB-46E8-A788-1D0911D03D3F}.Release|ARM.ActiveCfg = Release|ARM
		{C634F25B-FAEB-46E8-A788-1D0911D03D3F}.Release|ARM.Build.0 = Release|ARM
		{C634F25B-FAEB-46E8-A788-1D0911D03D3F}.Release|ARM.Deploy.0 = Release|ARM
		{C634F25B-FAEB-46E8-A788-1D0911D03D3F}.Release|iPhone.ActiveCfg = Release|Any CPU
		{C634F25B-FAEB-46E8-A788-1D0911D03D3F}.Release|iPhoneSimulator.ActiveCfg = Release|Any CPU
		{C634F25B-FAEB-46E8-A788-1D0911D03D3F}.Release|x86.ActiveCfg = Release|x86
		{C634F25B-FAEB-46E8-A788-1D0911D03D3F}.Release|x86.Build.0 = Release|x86
		{C634F25B-FAEB-46E8-A788-1D0911D03D3F}.Release|x86.Deploy.0 = Release|x86
	EndGlobalSection
	GlobalSection(SolutionProperties) = preSolution
		HideSolutionNode = FALSE
	EndGlobalSection
	GlobalSection(NestedProjects) = preSolution
		{62542FDA-1258-430D-AD11-D1F58DE96F20} = {CF4C2815-F9FB-4F07-8C7F-D648A8A5C319}
		{ABED7075-AD56-4E7D-BECC-E8C2B0B38342} = {CF4C2815-F9FB-4F07-8C7F-D648A8A5C319}
		{5F738FB6-1FBF-493F-87C6-7871659B9E2D} = {CF4C2815-F9FB-4F07-8C7F-D648A8A5C319}
		{C634F25B-FAEB-46E8-A788-1D0911D03D3F} = {CF4C2815-F9FB-4F07-8C7F-D648A8A5C319}
	EndGlobalSection
EndGlobal
